// !$*UTF8*$!
{
	archiveVersion = 1;
	classes = {
	};
	objectVersion = 56;
	objects = {

/* Begin PBXBuildFile section */
		7E28E9DEA941B656301CDA67 /* DemoScene.swift in Sources */ = {isa = PBXBuildFile; fileRef = F3DDC7D4F688438DB5EBE4ED /* DemoScene.swift */; };
		F962AD205078EAFC5201865B /* AnimationScene.swift in Sources */ = {isa = PBXBuildFile; fileRef = 85C649EB882E1792036DA612 /* AnimationScene.swift */; };
		96C00DAEDB204FF3E420ED1B /* ArAugmentedFacesScene.swift in Sources */ = {isa = PBXBuildFile; fileRef = F63582A5C1EEB276B6E9CA85 /* ArAugmentedFacesScene.swift */; };
		3DC54357982F78B8C2E02FC8 /* ArCloudAnchorsScene.swift in Sources */ = {isa = PBXBuildFile; fileRef = 8550BB2028D4FF4056AEBB75 /* ArCloudAnchorsScene.swift */; };
		88B30D69A8295299DB46B027 /* ArDepthOcclusionScene.swift in Sources */ = {isa = PBXBuildFile; fileRef = CEF95C7E0A3E7A2D62A427A8 /* ArDepthOcclusionScene.swift */; };
		D5DD1737713F4BE9511234D8 /* ArImageStabilizationScene.swift in Sources */ = {isa = PBXBuildFile; fileRef = 139814091E71EF04428D632C /* ArImageStabilizationScene.swift */; };
		0556583EF5AF44854433ED30 /* ArImageTrackingScene.swift in Sources */ = {isa = PBXBuildFile; fileRef = F9894E9E0B48C546F7045302 /* ArImageTrackingScene.swift */; };
		AB01222A63039941E8E2398B /* ArInstantPlacementScene.swift in Sources */ = {isa = PBXBuildFile; fileRef = DEEA6C6F0910C858DADF4F25 /* ArInstantPlacementScene.swift */; };
		5E207E2F7A55D2D96DBD1814 /* ArLightingScene.swift in Sources */ = {isa = PBXBuildFile; fileRef = FD64719EA56EB8B83AAC04D4 /* ArLightingScene.swift */; };
		E3564B14080F27209FF35DC5 /* ArOrbitalScene.swift in Sources */ = {isa = PBXBuildFile; fileRef = 600043FF3AFFE79411B7DD8A /* ArOrbitalScene.swift */; };
		50708BAB945D780C4BB6300A /* ArPlacementScene.swift in Sources */ = {isa = PBXBuildFile; fileRef = 127E970FECE22BF0FC5D8867 /* ArPlacementScene.swift */; };
		1E9AB7FFE1217027A6D3D792 /* ArPoseScene.swift in Sources */ = {isa = PBXBuildFile; fileRef = D9E303E39EE615A5EEC66FBD /* ArPoseScene.swift */; };
		AFB627071014C9E0F4C577BC /* ArRecordingScene.swift in Sources */ = {isa = PBXBuildFile; fileRef = E722280A1A01A2AA17A2137A /* ArRecordingScene.swift */; };
		A6AA5F59463038402CB1B9CF /* ArRerunScene.swift in Sources */ = {isa = PBXBuildFile; fileRef = 54D804E81126D31E56CEECA9 /* ArRerunScene.swift */; };
		4D7BABB3B6EF11E48A1622BF /* ArRooftopAnchorsScene.swift in Sources */ = {isa = PBXBuildFile; fileRef = 4D34E4A9940EE1E38BB98F41 /* ArRooftopAnchorsScene.swift */; };
		AEF19CE1A2D316F8EC29748A /* ArStreetscapeScene.swift in Sources */ = {isa = PBXBuildFile; fileRef = 844945EE3EA49B82A5B88E3E /* ArStreetscapeScene.swift */; };
		D514B18E4CCB2105995036DC /* ArTerrainAnchorsScene.swift in Sources */ = {isa = PBXBuildFile; fileRef = 2AE6912B454203A39DEDE823 /* ArTerrainAnchorsScene.swift */; };
		935E1D835EF073D4BF37115D /* BillboardScene.swift in Sources */ = {isa = PBXBuildFile; fileRef = 73DB874D6CFA8760B3686E8C /* BillboardScene.swift */; };
		20ECEDB5700B0025654413E5 /* CameraControlsScene.swift in Sources */ = {isa = PBXBuildFile; fileRef = 2DB7DDF01D482113A0E2E422 /* CameraControlsScene.swift */; };
		142DB7943F0D5AAC072D8C3D /* CollisionHitTestScene.swift in Sources */ = {isa = PBXBuildFile; fileRef = 8E9CA43653623095A5607B33 /* CollisionHitTestScene.swift */; };
		4174B93766B7BD3B8D98783F /* CustomMeshScene.swift in Sources */ = {isa = PBXBuildFile; fileRef = 1C735A08AAE451562DEFBAF5 /* CustomMeshScene.swift */; };
		BD016517EAC148510B51E258 /* DoublePendulumScene.swift in Sources */ = {isa = PBXBuildFile; fileRef = F3AB5B3BF75EEDAC30A88D74 /* DoublePendulumScene.swift */; };
		CDDC40367454570BA7AF147F /* DynamicSkyScene.swift in Sources */ = {isa = PBXBuildFile; fileRef = 0A1E32030EDEC9FCFD1E4FB0 /* DynamicSkyScene.swift */; };
		FED589255E75D35A9DACBA0A /* FogScene.swift in Sources */ = {isa = PBXBuildFile; fileRef = E7A2252AA18DB87570FD8BEB /* FogScene.swift */; };
		A8F7A49A69BCF88DD6C97314 /* GeometryScene.swift in Sources */ = {isa = PBXBuildFile; fileRef = 290876CFB45E70811AA137B6 /* GeometryScene.swift */; };
		0FE3731854F188786E79ED57 /* GestureEditingScene.swift in Sources */ = {isa = PBXBuildFile; fileRef = 2B57E9A1481A8D84910B567A /* GestureEditingScene.swift */; };
		4B652988C6421C693CCF45A4 /* ImageScene.swift in Sources */ = {isa = PBXBuildFile; fileRef = BF935D57FC86051DD436E4D9 /* ImageScene.swift */; };
		A25E3658944E30160600F6B7 /* LightTypesScene.swift in Sources */ = {isa = PBXBuildFile; fileRef = B09C88C7204B3AF37EC6BE5B /* LightTypesScene.swift */; };
		B6101BF6825F0337CEC97910 /* LinesPathsScene.swift in Sources */ = {isa = PBXBuildFile; fileRef = FFF5DD3C1C1D21F4F20CA0C9 /* LinesPathsScene.swift */; };
		D215E74EDFD5224A0D611C49 /* MaterialsScene.swift in Sources */ = {isa = PBXBuildFile; fileRef = BC97EA31B851CDE641C29F3C /* MaterialsScene.swift */; };
		63639070635D8E5F607E8E11 /* ModelViewerScene.swift in Sources */ = {isa = PBXBuildFile; fileRef = 4B05E7EA7457BA4E219A3B18 /* ModelViewerScene.swift */; };
		7F3779F3EAE0CB8A8E2163A8 /* MovableLightScene.swift in Sources */ = {isa = PBXBuildFile; fileRef = 74E53E9763AF7F1FAC9F526D /* MovableLightScene.swift */; };
		C6718D6992125E496CA5E387 /* MultiModelScene.swift in Sources */ = {isa = PBXBuildFile; fileRef = E0144763A2AAFBA2F921AA6C /* MultiModelScene.swift */; };
		BEA1469B6B63E6A1C636864B /* PhysicsScene.swift in Sources */ = {isa = PBXBuildFile; fileRef = 24EDDD0A932E79C5088AEF26 /* PhysicsScene.swift */; };
		2EDA814DF8E000720E47B6D0 /* PostProcessingScene.swift in Sources */ = {isa = PBXBuildFile; fileRef = D7DC3F5EC4E236A2116CB086 /* PostProcessingScene.swift */; };
		D5304A7821A99E09C8746927 /* ReflectionProbesScene.swift in Sources */ = {isa = PBXBuildFile; fileRef = BAC5EEABA6D7A33E6E4C2ED2 /* ReflectionProbesScene.swift */; };
		922DE8B725A90B5B9D794809 /* SceneGalleryScene.swift in Sources */ = {isa = PBXBuildFile; fileRef = 0EA61BCBF55BC370123347AE /* SceneGalleryScene.swift */; };
		A082675FB1DC8B7A933C3EB0 /* SecondaryCameraScene.swift in Sources */ = {isa = PBXBuildFile; fileRef = 599FF550976F81CB5AFE68BF /* SecondaryCameraScene.swift */; };
		DD3FF7C0836D9DD90C767D6D /* ShapeExtrudeScene.swift in Sources */ = {isa = PBXBuildFile; fileRef = 1B0C8E686D511E4A17E75291 /* ShapeExtrudeScene.swift */; };
		A3BAB0EC281F966421D8019A /* SpatialAudioScene.swift in Sources */ = {isa = PBXBuildFile; fileRef = 04C1442A5E282461B7581066 /* SpatialAudioScene.swift */; };
		1CFD879D196F1D23142D7ACD /* TextScene.swift in Sources */ = {isa = PBXBuildFile; fileRef = 1600DF1563900D4EB6820A33 /* TextScene.swift */; };
		A928A0266FD0B8196F11DF4A /* VideoTextureScene.swift in Sources */ = {isa = PBXBuildFile; fileRef = 27FB250D0AE339DB0EB9C6C7 /* VideoTextureScene.swift */; };
		9D72C9CAE331B90315010DC3 /* ViewNodeScene.swift in Sources */ = {isa = PBXBuildFile; fileRef = 1EC5EFF554D692141E61884F /* ViewNodeScene.swift */; };
		0C0448E495F77BF795D1C647 /* ComingSoonScreen.swift in Sources */ = {isa = PBXBuildFile; fileRef = 5FA64989921B8BD7A9F30B31 /* ComingSoonScreen.swift */; };
		593E4FADBA93AF1190A3A67E /* SketchfabModels.swift in Sources */ = {isa = PBXBuildFile; fileRef = 6C214F8F9A1B35560E551895 /* SketchfabModels.swift */; };
		95BE47B4B9B828745697FB4B /* SketchfabConfig.swift in Sources */ = {isa = PBXBuildFile; fileRef = D77142EC848C995EDE06546D /* SketchfabConfig.swift */; };
		A10000010000000000000001 /* SceneViewDemoApp.swift in Sources */ = {isa = PBXBuildFile; fileRef = A20000010000000000000001 /* SceneViewDemoApp.swift */; };
		A10000010000000000000002 /* Assets.xcassets in Resources */ = {isa = PBXBuildFile; fileRef = A20000010000000000000002 /* Assets.xcassets */; };
		B4A94ABD8B5DA5F4E4CE4834 /* SketchfabService.swift in Sources */ = {isa = PBXBuildFile; fileRef = 8FFA4BE9A50A8347603AA10E /* SketchfabService.swift */; };
		DA0000000000000000000A01 /* ModelSource.swift in Sources */ = {isa = PBXBuildFile; fileRef = DB0000000000000000000A01 /* ModelSource.swift */; };
		DA0000000000000000000A02 /* GallerySources.swift in Sources */ = {isa = PBXBuildFile; fileRef = DB0000000000000000000A02 /* GallerySources.swift */; };
		DA0000000000000000000A03 /* GallerySourceRegistry.swift in Sources */ = {isa = PBXBuildFile; fileRef = DB0000000000000000000A03 /* GallerySourceRegistry.swift */; };
		E11525001A2B40A19EAECE6700000001 /* SketchfabSlug.swift in Sources */ = {isa = PBXBuildFile; fileRef = E11525101A2B40A19EAECE6700000001 /* SketchfabSlug.swift */; };
		E11525011A2B40A19EAECE6700000002 /* SampleAssets.swift in Sources */ = {isa = PBXBuildFile; fileRef = E11525111A2B40A19EAECE6700000002 /* SampleAssets.swift */; };
		E11525021A2B40A19EAECE6700000003 /* SketchfabAssetResolver.swift in Sources */ = {isa = PBXBuildFile; fileRef = E11525121A2B40A19EAECE6700000003 /* SketchfabAssetResolver.swift */; };
		C10000000000000000000002 /* DemoItem.swift in Sources */ = {isa = PBXBuildFile; fileRef = C20000000000000000000002 /* DemoItem.swift */; };
		C10000000000000000000003 /* ExploreTab.swift in Sources */ = {isa = PBXBuildFile; fileRef = C20000000000000000000003 /* ExploreTab.swift */; };
		C10000000000000000000004 /* ARTab.swift in Sources */ = {isa = PBXBuildFile; fileRef = C20000000000000000000004 /* ARTab.swift */; };
		C10000000000000000000005 /* SamplesTab.swift in Sources */ = {isa = PBXBuildFile; fileRef = C20000000000000000000005 /* SamplesTab.swift */; };
		C10000000000000000000006 /* AboutTab.swift in Sources */ = {isa = PBXBuildFile; fileRef = C20000000000000000000006 /* AboutTab.swift */; };
		C10000000000000000000007 /* AllShapesDemo.swift in Sources */ = {isa = PBXBuildFile; fileRef = C20000000000000000000007 /* AllShapesDemo.swift */; };
		C10000000000000000000008 /* MaterialsDemo.swift in Sources */ = {isa = PBXBuildFile; fileRef = C20000000000000000000008 /* MaterialsDemo.swift */; };
		C10000000000000000000009 /* CustomMeshDemo.swift in Sources */ = {isa = PBXBuildFile; fileRef = C20000000000000000000009 /* CustomMeshDemo.swift */; };
		C10000000000000000000010 /* TextDemo.swift in Sources */ = {isa = PBXBuildFile; fileRef = C20000000000000000000010 /* TextDemo.swift */; };
		C10000000000000000000011 /* BillboardDemo.swift in Sources */ = {isa = PBXBuildFile; fileRef = C20000000000000000000011 /* BillboardDemo.swift */; };
		C10000000000000000000012 /* LinesPathsDemo.swift in Sources */ = {isa = PBXBuildFile; fileRef = C20000000000000000000012 /* LinesPathsDemo.swift */; };
		C10000000000000000000013 /* ImagePlaneDemo.swift in Sources */ = {isa = PBXBuildFile; fileRef = C20000000000000000000013 /* ImagePlaneDemo.swift */; };
		C10000000000000000000014 /* LightTypesDemo.swift in Sources */ = {isa = PBXBuildFile; fileRef = C20000000000000000000014 /* LightTypesDemo.swift */; };
		C10000000000000000000015 /* DynamicSkyDemo.swift in Sources */ = {isa = PBXBuildFile; fileRef = C20000000000000000000015 /* DynamicSkyDemo.swift */; };
		C10000000000000000000016 /* FogDemo.swift in Sources */ = {isa = PBXBuildFile; fileRef = C20000000000000000000016 /* FogDemo.swift */; };
		C10000000000000000000017 /* PhysicsDemo.swift in Sources */ = {isa = PBXBuildFile; fileRef = C20000000000000000000017 /* PhysicsDemo.swift */; };
		C10000000000000000000062 /* DoublePendulumDemo.swift in Sources */ = {isa = PBXBuildFile; fileRef = C20000000000000000000062 /* DoublePendulumDemo.swift */; };
		C10000000000000000000018 /* CameraControlsDemo.swift in Sources */ = {isa = PBXBuildFile; fileRef = C20000000000000000000018 /* CameraControlsDemo.swift */; };
		C100000000000000000000C1 /* CollisionHitTestDemo.swift in Sources */ = {isa = PBXBuildFile; fileRef = C200000000000000000000C1 /* CollisionHitTestDemo.swift */; };
		C100000000000000000000CE /* GestureEditingDemo.swift in Sources */ = {isa = PBXBuildFile; fileRef = C200000000000000000000CE /* GestureEditingDemo.swift */; };
		C10000000000000000000020 /* SceneGalleryDemo.swift in Sources */ = {isa = PBXBuildFile; fileRef = C20000000000000000000020 /* SceneGalleryDemo.swift */; };
		C10000000000000000000021 /* Theme.swift in Sources */ = {isa = PBXBuildFile; fileRef = C20000000000000000000021 /* Theme.swift */; };
		C10000000000000000000022 /* RerunDebugDemo.swift in Sources */ = {isa = PBXBuildFile; fileRef = C20000000000000000000022 /* RerunDebugDemo.swift */; };
		C10000000000000000000023 /* DeepLinkRouter.swift in Sources */ = {isa = PBXBuildFile; fileRef = C20000000000000000000023 /* DeepLinkRouter.swift */; };
		C10000000000000000000024 /* DemoDeepLinkRegistry.swift in Sources */ = {isa = PBXBuildFile; fileRef = C20000000000000000000024 /* DemoDeepLinkRegistry.swift */; };
		C10000000000000000000025 /* OrbitalARDemo.swift in Sources */ = {isa = PBXBuildFile; fileRef = C20000000000000000000025 /* OrbitalARDemo.swift */; };
		C10000000000000000000031 /* ARRecorderDemo.swift in Sources */ = {isa = PBXBuildFile; fileRef = C20000000000000000000031 /* ARRecorderDemo.swift */; };
		C10000000000000000000032 /* ARLightingDemo.swift in Sources */ = {isa = PBXBuildFile; fileRef = C20000000000000000000032 /* ARLightingDemo.swift */; };
		C10000000000000000000033 /* AnimationDemo.swift in Sources */ = {isa = PBXBuildFile; fileRef = C20000000000000000000033 /* AnimationDemo.swift */; };
		C10000000000000000000034 /* ModelViewerDemo.swift in Sources */ = {isa = PBXBuildFile; fileRef = C20000000000000000000034 /* ModelViewerDemo.swift */; };
		C10000000000000000000035 /* MultiModelDemo.swift in Sources */ = {isa = PBXBuildFile; fileRef = C20000000000000000000035 /* MultiModelDemo.swift */; };
		C10000000000000000000036 /* ARPlacementDemo.swift in Sources */ = {isa = PBXBuildFile; fileRef = C20000000000000000000036 /* ARPlacementDemo.swift */; };
		C10000000000000000000037 /* ARInstantPlacementDemo.swift in Sources */ = {isa = PBXBuildFile; fileRef = C20000000000000000000037 /* ARInstantPlacementDemo.swift */; };
		C10000000000000000000038 /* SpatialAudioDemo.swift in Sources */ = {isa = PBXBuildFile; fileRef = C20000000000000000000038 /* SpatialAudioDemo.swift */; };
		C10000000000000000000039 /* EnvironmentDemo.swift in Sources */ = {isa = PBXBuildFile; fileRef = C20000000000000000000039 /* EnvironmentDemo.swift */; };
		595BE7B36EE44F0893381277 /* EnvironmentScene.swift in Sources */ = {isa = PBXBuildFile; fileRef = A3B8B5CCC5464FAB8141C76F /* EnvironmentScene.swift */; };
		C100000000000000000000E0 /* TextureStreamingDemo.swift in Sources */ = {isa = PBXBuildFile; fileRef = C200000000000000000000E0 /* TextureStreamingDemo.swift */; };
		C100000000000000000000E1 /* TextureStreamingScene.swift in Sources */ = {isa = PBXBuildFile; fileRef = C200000000000000000000E1 /* TextureStreamingScene.swift */; };
		C100000000000000000000F0 /* ARImageTrackingDemo.swift in Sources */ = {isa = PBXBuildFile; fileRef = C200000000000000000000F0 /* ARImageTrackingDemo.swift */; };
		C100000000000000000000F1 /* ARAugmentedFacesDemo.swift in Sources */ = {isa = PBXBuildFile; fileRef = C200000000000000000000F1 /* ARAugmentedFacesDemo.swift */; };
		C100000000000000000000F2 /* ARDepthOcclusionDemo.swift in Sources */ = {isa = PBXBuildFile; fileRef = C200000000000000000000F2 /* ARDepthOcclusionDemo.swift */; };
		E500000000000000000000F3 /* qrcode.png in Resources */ = {isa = PBXBuildFile; fileRef = E600000000000000000000F3 /* qrcode.png */; };
		C100000000000000000000D0 /* ShapeExtrudeDemo.swift in Sources */ = {isa = PBXBuildFile; fileRef = C200000000000000000000D0 /* ShapeExtrudeDemo.swift */; };
		C100000000000000000000D1 /* ReflectionProbesDemo.swift in Sources */ = {isa = PBXBuildFile; fileRef = C200000000000000000000D1 /* ReflectionProbesDemo.swift */; };
		C100000000000000000000D2 /* VideoTextureDemo.swift in Sources */ = {isa = PBXBuildFile; fileRef = C200000000000000000000D2 /* VideoTextureDemo.swift */; };
		C100000000000000000000D3 /* OcclusionMaterialDemo.swift in Sources */ = {isa = PBXBuildFile; fileRef = C200000000000000000000D3 /* OcclusionMaterialDemo.swift */; };
		C100000000000000000000D4 /* OcclusionMaterialScene.swift in Sources */ = {isa = PBXBuildFile; fileRef = C200000000000000000000D4 /* OcclusionMaterialScene.swift */; };
		C100000000000000000000D5 /* DebugOverlayDemo.swift in Sources */ = {isa = PBXBuildFile; fileRef = C200000000000000000000D5 /* DebugOverlayDemo.swift */; };
		C100000000000000000000D6 /* DebugOverlayScene.swift in Sources */ = {isa = PBXBuildFile; fileRef = C200000000000000000000D6 /* DebugOverlayScene.swift */; };
		C100000000000000000000F3 /* ARPeopleOcclusionDemo.swift in Sources */ = {isa = PBXBuildFile; fileRef = C200000000000000000000F3 /* ARPeopleOcclusionDemo.swift */; };
		C100000000000000000000F4 /* ARBodyTrackerDemo.swift in Sources */ = {isa = PBXBuildFile; fileRef = C200000000000000000000F4 /* ARBodyTrackerDemo.swift */; };
		C100000000000000000000F5 /* ARSceneMeshDemo.swift in Sources */ = {isa = PBXBuildFile; fileRef = C200000000000000000000F5 /* ARSceneMeshDemo.swift */; };
		C100000000000000000000F6 /* ARPlaneNodeDemo.swift in Sources */ = {isa = PBXBuildFile; fileRef = C200000000000000000000F6 /* ARPlaneNodeDemo.swift */; };
		C100000000000000000000F7 /* ARPointCloudDemo.swift in Sources */ = {isa = PBXBuildFile; fileRef = C200000000000000000000F7 /* ARPointCloudDemo.swift */; };
		C100000000000000000000F8 /* ArPeopleOcclusionScene.swift in Sources */ = {isa = PBXBuildFile; fileRef = C200000000000000000000F8 /* ArPeopleOcclusionScene.swift */; };
		C100000000000000000000F9 /* ArBodyTrackerScene.swift in Sources */ = {isa = PBXBuildFile; fileRef = C200000000000000000000F9 /* ArBodyTrackerScene.swift */; };
		C100000000000000000000FA /* ArSceneMeshScene.swift in Sources */ = {isa = PBXBuildFile; fileRef = C200000000000000000000FA /* ArSceneMeshScene.swift */; };
		C100000000000000000000FB /* ArPlaneNodeScene.swift in Sources */ = {isa = PBXBuildFile; fileRef = C200000000000000000000FB /* ArPlaneNodeScene.swift */; };
		C100000000000000000000FC /* ArPointCloudScene.swift in Sources */ = {isa = PBXBuildFile; fileRef = C200000000000000000000FC /* ArPointCloudScene.swift */; };
		C100000000000000000000FD /* GeneratedScenes.swift in Sources */ = {isa = PBXBuildFile; fileRef = C200000000000000000000FD /* GeneratedScenes.swift */; };
		E500000000000000000000D3 /* sample.mp4 in Resources */ = {isa = PBXBuildFile; fileRef = E600000000000000000000D3 /* sample.mp4 */; };
		C10000000000000000000030 /* FavoritesManager.swift in Sources */ = {isa = PBXBuildFile; fileRef = C20000000000000000000030 /* FavoritesManager.swift */; };
		C10000000000000000000050 /* DemoSheet.swift in Sources */ = {isa = PBXBuildFile; fileRef = C20000000000000000000050 /* DemoSheet.swift */; };
		C10000000000000000000051 /* CreditsSheet.swift in Sources */ = {isa = PBXBuildFile; fileRef = C20000000000000000000051 /* CreditsSheet.swift */; };
		C10000000000000000000060 /* AppStoreUpdater.swift in Sources */ = {isa = PBXBuildFile; fileRef = C20000000000000000000060 /* AppStoreUpdater.swift */; };
		C10000000000000000000061 /* UpdateBanner.swift in Sources */ = {isa = PBXBuildFile; fileRef = C20000000000000000000061 /* UpdateBanner.swift */; };
		D10000000000000000000001 /* game_boy_classic.usdz in Resources */ = {isa = PBXBuildFile; fileRef = D20000000000000000000001 /* game_boy_classic.usdz */; };
		D10000000000000000000002 /* tree_scene.usdz in Resources */ = {isa = PBXBuildFile; fileRef = D20000000000000000000002 /* tree_scene.usdz */; };
		D10000000000000000000003 /* red_car.usdz in Resources */ = {isa = PBXBuildFile; fileRef = D20000000000000000000003 /* red_car.usdz */; };
		D10000000000000000000005 /* animated_butterfly.usdz in Resources */ = {isa = PBXBuildFile; fileRef = D20000000000000000000005 /* animated_butterfly.usdz */; };
		D10000000000000000000006 /* retro_piano.usdz in Resources */ = {isa = PBXBuildFile; fileRef = D20000000000000000000006 /* retro_piano.usdz */; };
		D10000000000000000000007 /* phoenix_bird.usdz in Resources */ = {isa = PBXBuildFile; fileRef = D20000000000000000000007 /* phoenix_bird.usdz */; };
		D10000000000000000000008 /* cyberpunk_car.usdz in Resources */ = {isa = PBXBuildFile; fileRef = D20000000000000000000008 /* cyberpunk_car.usdz */; };
		D10000000000000000000009 /* fantasy_book.usdz in Resources */ = {isa = PBXBuildFile; fileRef = D20000000000000000000009 /* fantasy_book.usdz */; };
		D1000000000000000000000A /* mosquito_amber.usdz in Resources */ = {isa = PBXBuildFile; fileRef = D2000000000000000000000A /* mosquito_amber.usdz */; };
		D1000000000000000000000B /* ship_in_clouds.usdz in Resources */ = {isa = PBXBuildFile; fileRef = D2000000000000000000000B /* ship_in_clouds.usdz */; };
		D1000000000000000000000C /* cyberpunk_hovercar.usdz in Resources */ = {isa = PBXBuildFile; fileRef = D2000000000000000000000C /* cyberpunk_hovercar.usdz */; };
		D1000000000000000000000D /* cyberpunk_character.usdz in Resources */ = {isa = PBXBuildFile; fileRef = D2000000000000000000000D /* cyberpunk_character.usdz */; };
		D1000000000000000000000E /* porsche_911.usdz in Resources */ = {isa = PBXBuildFile; fileRef = D2000000000000000000000E /* porsche_911.usdz */; };
		D1000000000000000000000F /* black_dragon.usdz in Resources */ = {isa = PBXBuildFile; fileRef = D2000000000000000000000F /* black_dragon.usdz */; };
		D10000000000000000000010 /* fiat_punto.usdz in Resources */ = {isa = PBXBuildFile; fileRef = D20000000000000000000010 /* fiat_punto.usdz */; };
		D10000000000000000000011 /* shelby_cobra.usdz in Resources */ = {isa = PBXBuildFile; fileRef = D20000000000000000000011 /* shelby_cobra.usdz */; };
		D10000000000000000000012 /* audi_tt.usdz in Resources */ = {isa = PBXBuildFile; fileRef = D20000000000000000000012 /* audi_tt.usdz */; };
		D10000000000000000000013 /* earthquake_california.usdz in Resources */ = {isa = PBXBuildFile; fileRef = D20000000000000000000013 /* earthquake_california.usdz */; };
		D10000000000000000000014 /* lamborghini_countach.usdz in Resources */ = {isa = PBXBuildFile; fileRef = D20000000000000000000014 /* lamborghini_countach.usdz */; };
		D10000000000000000000015 /* nike_air_jordan.usdz in Resources */ = {isa = PBXBuildFile; fileRef = D20000000000000000000015 /* nike_air_jordan.usdz */; };
		D10000000000000000000016 /* ferrari_f40.usdz in Resources */ = {isa = PBXBuildFile; fileRef = D20000000000000000000016 /* ferrari_f40.usdz */; };
		D10000000000000000000017 /* porsche_911_turbo.usdz in Resources */ = {isa = PBXBuildFile; fileRef = D20000000000000000000017 /* porsche_911_turbo.usdz */; };
		D10000000000000000000018 /* ps5_dualsense.usdz in Resources */ = {isa = PBXBuildFile; fileRef = D20000000000000000000018 /* ps5_dualsense.usdz */; };
		D10000000000000000000019 /* tesla_cybertruck.usdz in Resources */ = {isa = PBXBuildFile; fileRef = D20000000000000000000019 /* tesla_cybertruck.usdz */; };
		D1000000000000000000001A /* mercedes_a45_amg.usdz in Resources */ = {isa = PBXBuildFile; fileRef = D2000000000000000000001A /* mercedes_a45_amg.usdz */; };
		D1000000000000000000001B /* nintendo_switch.usdz in Resources */ = {isa = PBXBuildFile; fileRef = D2000000000000000000001B /* nintendo_switch.usdz */; };
		D1000000000000000000001C /* bmw_m3_e30.usdz in Resources */ = {isa = PBXBuildFile; fileRef = D2000000000000000000001C /* bmw_m3_e30.usdz */; };
		67036B2BB7EE12BD596AB1F7 /* khronos_lantern.usdz in Resources */ = {isa = PBXBuildFile; fileRef = 19DE0B3B22A2344F009F5343 /* khronos_lantern.usdz */; };
		EE5AC4C13BBB781FED30597B /* khronos_toy_car.usdz in Resources */ = {isa = PBXBuildFile; fileRef = E14ED838EC53743E24BE22B8 /* khronos_toy_car.usdz */; };
		66ED22160BBB08C5B508AF55 /* khronos_fox.usdz in Resources */ = {isa = PBXBuildFile; fileRef = 18D000109AEAF964E5DDC143 /* khronos_fox.usdz */; };
		9B8C930A67638FE6BD6833AD /* khronos_damaged_helmet.usdz in Resources */ = {isa = PBXBuildFile; fileRef = 2C26CC8CC5834E15CDD1F062 /* khronos_damaged_helmet.usdz */; };
		F50000000000000000000001 /* bell.wav in Resources */ = {isa = PBXBuildFile; fileRef = F60000000000000000000001 /* bell.wav */; };
		E10000000000000000000001 /* studio.hdr in Resources */ = {isa = PBXBuildFile; fileRef = E20000000000000000000001 /* studio.hdr */; };
		E10000000000000000000002 /* outdoor_cloudy.hdr in Resources */ = {isa = PBXBuildFile; fileRef = E20000000000000000000002 /* outdoor_cloudy.hdr */; };
		E10000000000000000000003 /* sunset.hdr in Resources */ = {isa = PBXBuildFile; fileRef = E20000000000000000000003 /* sunset.hdr */; };
		E10000000000000000000004 /* rooftop_night.hdr in Resources */ = {isa = PBXBuildFile; fileRef = E20000000000000000000004 /* rooftop_night.hdr */; };
		E10000000000000000000005 /* studio_warm.hdr in Resources */ = {isa = PBXBuildFile; fileRef = E20000000000000000000005 /* studio_warm.hdr */; };
		E10000000000000000000006 /* autumn_field.hdr in Resources */ = {isa = PBXBuildFile; fileRef = E20000000000000000000006 /* autumn_field.hdr */; };
		E10000000000000000000007 /* night_sky.hdr in Resources */ = {isa = PBXBuildFile; fileRef = E20000000000000000000007 /* night_sky.hdr */; };
		ED794E60A009AF57DE2B2861 /* MovableLightDemo.swift in Sources */ = {isa = PBXBuildFile; fileRef = E6E3457CB732DF2AE71757CC /* MovableLightDemo.swift */; };
		F00000000000000000000003 /* AppStoreUpdaterTests.swift in Sources */ = {isa = PBXBuildFile; fileRef = F00000000000000000000002 /* AppStoreUpdaterTests.swift */; };
		F00000000000000000000061 /* SketchfabService+Tests.swift in Sources */ = {isa = PBXBuildFile; fileRef = F00000000000000000000060 /* SketchfabService+Tests.swift */; };
		F00000000000000000000071 /* SketchfabAssetResolver+Tests.swift in Sources */ = {isa = PBXBuildFile; fileRef = F00000000000000000000070 /* SketchfabAssetResolver+Tests.swift */; };
		F00000000000000000000073 /* DemoRegistryGuardTests.swift in Sources */ = {isa = PBXBuildFile; fileRef = F00000000000000000000072 /* DemoRegistryGuardTests.swift */; };
/* End PBXBuildFile section */

/* Begin PBXContainerItemProxy section */
		F00000000000000000000031 /* PBXContainerItemProxy */ = {
			isa = PBXContainerItemProxy;
			containerPortal = A90000010000000000000001 /* Project object */;
			proxyType = 1;
			remoteGlobalIDString = A50000010000000000000001;
			remoteInfo = SceneViewDemo;
		};
/* End PBXContainerItemProxy section */

/* Begin PBXFileReference section */
		5FA64989921B8BD7A9F30B31 /* ComingSoonScreen.swift */ = {isa = PBXFileReference; lastKnownFileType = sourcecode.swift; name = ComingSoonScreen.swift; path = SceneViewDemo/Views/ComingSoonScreen.swift; sourceTree = SOURCE_ROOT; };
		6C214F8F9A1B35560E551895 /* SketchfabModels.swift */ = {isa = PBXFileReference; lastKnownFileType = sourcecode.swift; name = SketchfabModels.swift; path = SceneViewDemo/Services/SketchfabModels.swift; sourceTree = SOURCE_ROOT; };
		8FFA4BE9A50A8347603AA10E /* SketchfabService.swift */ = {isa = PBXFileReference; lastKnownFileType = sourcecode.swift; name = SketchfabService.swift; path = SceneViewDemo/Services/SketchfabService.swift; sourceTree = SOURCE_ROOT; };
		DB0000000000000000000A01 /* ModelSource.swift */ = {isa = PBXFileReference; lastKnownFileType = sourcecode.swift; name = ModelSource.swift; path = SceneViewDemo/Services/ModelSource.swift; sourceTree = SOURCE_ROOT; };
		DB0000000000000000000A02 /* GallerySources.swift */ = {isa = PBXFileReference; lastKnownFileType = sourcecode.swift; name = GallerySources.swift; path = SceneViewDemo/Services/GallerySources.swift; sourceTree = SOURCE_ROOT; };
		DB0000000000000000000A03 /* GallerySourceRegistry.swift */ = {isa = PBXFileReference; lastKnownFileType = sourcecode.swift; name = GallerySourceRegistry.swift; path = SceneViewDemo/Services/GallerySourceRegistry.swift; sourceTree = SOURCE_ROOT; };
		E11525101A2B40A19EAECE6700000001 /* SketchfabSlug.swift */ = {isa = PBXFileReference; lastKnownFileType = sourcecode.swift; name = SketchfabSlug.swift; path = SceneViewDemo/Services/SketchfabSlug.swift; sourceTree = SOURCE_ROOT; };
		E11525111A2B40A19EAECE6700000002 /* SampleAssets.swift */ = {isa = PBXFileReference; lastKnownFileType = sourcecode.swift; name = SampleAssets.swift; path = SceneViewDemo/Services/SampleAssets.swift; sourceTree = SOURCE_ROOT; };
		E11525121A2B40A19EAECE6700000003 /* SketchfabAssetResolver.swift */ = {isa = PBXFileReference; lastKnownFileType = sourcecode.swift; name = SketchfabAssetResolver.swift; path = SceneViewDemo/Services/SketchfabAssetResolver.swift; sourceTree = SOURCE_ROOT; };
		A20000010000000000000001 /* SceneViewDemoApp.swift */ = {isa = PBXFileReference; lastKnownFileType = sourcecode.swift; path = SceneViewDemoApp.swift; sourceTree = "<group>"; };
		A20000010000000000000002 /* Assets.xcassets */ = {isa = PBXFileReference; lastKnownFileType = folder.assetcatalog; path = Assets.xcassets; sourceTree = "<group>"; };
		A20000010000000000000003 /* Info.plist */ = {isa = PBXFileReference; lastKnownFileType = text.plist.xml; path = Info.plist; sourceTree = "<group>"; };
		A20000010000000000000004 /* Config.xcconfig */ = {isa = PBXFileReference; lastKnownFileType = text.xcconfig; path = Config.xcconfig; sourceTree = "<group>"; };
		A20000010000000000000005 /* Secrets.xcconfig.template */ = {isa = PBXFileReference; lastKnownFileType = text.xcconfig; path = Secrets.xcconfig.template; sourceTree = "<group>"; };
		A20000010000000000000010 /* SceneViewDemo.app */ = {isa = PBXFileReference; explicitFileType = wrapper.application; includeInIndex = 0; path = SceneViewDemo.app; sourceTree = BUILT_PRODUCTS_DIR; };
		F00000000000000000000001 /* SceneViewDemoTests.xctest */ = {isa = PBXFileReference; explicitFileType = wrapper.cfbundle; includeInIndex = 0; path = SceneViewDemoTests.xctest; sourceTree = BUILT_PRODUCTS_DIR; };
		F00000000000000000000002 /* AppStoreUpdaterTests.swift */ = {isa = PBXFileReference; lastKnownFileType = sourcecode.swift; name = AppStoreUpdaterTests.swift; path = SceneViewDemoTests/AppStoreUpdaterTests.swift; sourceTree = SOURCE_ROOT; };
		F00000000000000000000060 /* SketchfabService+Tests.swift */ = {isa = PBXFileReference; lastKnownFileType = sourcecode.swift; name = "SketchfabService+Tests.swift"; path = "SceneViewDemo/Services/SketchfabService+Tests.swift"; sourceTree = SOURCE_ROOT; };
		F00000000000000000000070 /* SketchfabAssetResolver+Tests.swift */ = {isa = PBXFileReference; lastKnownFileType = sourcecode.swift; name = "SketchfabAssetResolver+Tests.swift"; path = "SceneViewDemo/Services/SketchfabAssetResolver+Tests.swift"; sourceTree = SOURCE_ROOT; };
		F00000000000000000000072 /* DemoRegistryGuardTests.swift */ = {isa = PBXFileReference; lastKnownFileType = sourcecode.swift; name = DemoRegistryGuardTests.swift; path = SceneViewDemoTests/DemoRegistryGuardTests.swift; sourceTree = SOURCE_ROOT; };
		C20000000000000000000002 /* DemoItem.swift */ = {isa = PBXFileReference; lastKnownFileType = sourcecode.swift; path = DemoItem.swift; sourceTree = "<group>"; };
		C20000000000000000000003 /* ExploreTab.swift */ = {isa = PBXFileReference; lastKnownFileType = sourcecode.swift; path = ExploreTab.swift; sourceTree = "<group>"; };
		C20000000000000000000004 /* ARTab.swift */ = {isa = PBXFileReference; lastKnownFileType = sourcecode.swift; path = ARTab.swift; sourceTree = "<group>"; };
		C20000000000000000000005 /* SamplesTab.swift */ = {isa = PBXFileReference; lastKnownFileType = sourcecode.swift; path = SamplesTab.swift; sourceTree = "<group>"; };
		C20000000000000000000006 /* AboutTab.swift */ = {isa = PBXFileReference; lastKnownFileType = sourcecode.swift; path = AboutTab.swift; sourceTree = "<group>"; };
		C20000000000000000000007 /* AllShapesDemo.swift */ = {isa = PBXFileReference; lastKnownFileType = sourcecode.swift; path = AllShapesDemo.swift; sourceTree = "<group>"; };
		C20000000000000000000008 /* MaterialsDemo.swift */ = {isa = PBXFileReference; lastKnownFileType = sourcecode.swift; path = MaterialsDemo.swift; sourceTree = "<group>"; };
		C20000000000000000000009 /* CustomMeshDemo.swift */ = {isa = PBXFileReference; lastKnownFileType = sourcecode.swift; path = CustomMeshDemo.swift; sourceTree = "<group>"; };
		C20000000000000000000010 /* TextDemo.swift */ = {isa = PBXFileReference; lastKnownFileType = sourcecode.swift; path = TextDemo.swift; sourceTree = "<group>"; };
		C20000000000000000000011 /* BillboardDemo.swift */ = {isa = PBXFileReference; lastKnownFileType = sourcecode.swift; path = BillboardDemo.swift; sourceTree = "<group>"; };
		C20000000000000000000012 /* LinesPathsDemo.swift */ = {isa = PBXFileReference; lastKnownFileType = sourcecode.swift; path = LinesPathsDemo.swift; sourceTree = "<group>"; };
		C20000000000000000000013 /* ImagePlaneDemo.swift */ = {isa = PBXFileReference; lastKnownFileType = sourcecode.swift; path = ImagePlaneDemo.swift; sourceTree = "<group>"; };
		C20000000000000000000014 /* LightTypesDemo.swift */ = {isa = PBXFileReference; lastKnownFileType = sourcecode.swift; path = LightTypesDemo.swift; sourceTree = "<group>"; };
		C20000000000000000000015 /* DynamicSkyDemo.swift */ = {isa = PBXFileReference; lastKnownFileType = sourcecode.swift; path = DynamicSkyDemo.swift; sourceTree = "<group>"; };
		C20000000000000000000016 /* FogDemo.swift */ = {isa = PBXFileReference; lastKnownFileType = sourcecode.swift; path = FogDemo.swift; sourceTree = "<group>"; };
		C20000000000000000000017 /* PhysicsDemo.swift */ = {isa = PBXFileReference; lastKnownFileType = sourcecode.swift; path = PhysicsDemo.swift; sourceTree = "<group>"; };
		C20000000000000000000062 /* DoublePendulumDemo.swift */ = {isa = PBXFileReference; lastKnownFileType = sourcecode.swift; path = DoublePendulumDemo.swift; sourceTree = "<group>"; };
		C20000000000000000000018 /* CameraControlsDemo.swift */ = {isa = PBXFileReference; lastKnownFileType = sourcecode.swift; path = CameraControlsDemo.swift; sourceTree = "<group>"; };
		C200000000000000000000C1 /* CollisionHitTestDemo.swift */ = {isa = PBXFileReference; lastKnownFileType = sourcecode.swift; path = CollisionHitTestDemo.swift; sourceTree = "<group>"; };
		C200000000000000000000CE /* GestureEditingDemo.swift */ = {isa = PBXFileReference; lastKnownFileType = sourcecode.swift; path = GestureEditingDemo.swift; sourceTree = "<group>"; };
		C20000000000000000000020 /* SceneGalleryDemo.swift */ = {isa = PBXFileReference; lastKnownFileType = sourcecode.swift; path = SceneGalleryDemo.swift; sourceTree = "<group>"; };
		C20000000000000000000021 /* Theme.swift */ = {isa = PBXFileReference; lastKnownFileType = sourcecode.swift; path = Theme.swift; sourceTree = "<group>"; };
		C20000000000000000000022 /* RerunDebugDemo.swift */ = {isa = PBXFileReference; lastKnownFileType = sourcecode.swift; path = RerunDebugDemo.swift; sourceTree = "<group>"; };
		C20000000000000000000023 /* DeepLinkRouter.swift */ = {isa = PBXFileReference; lastKnownFileType = sourcecode.swift; path = DeepLinkRouter.swift; sourceTree = "<group>"; };
		C20000000000000000000024 /* DemoDeepLinkRegistry.swift */ = {isa = PBXFileReference; lastKnownFileType = sourcecode.swift; path = DemoDeepLinkRegistry.swift; sourceTree = "<group>"; };
		C20000000000000000000025 /* OrbitalARDemo.swift */ = {isa = PBXFileReference; lastKnownFileType = sourcecode.swift; path = OrbitalARDemo.swift; sourceTree = "<group>"; };
		C20000000000000000000031 /* ARRecorderDemo.swift */ = {isa = PBXFileReference; lastKnownFileType = sourcecode.swift; path = ARRecorderDemo.swift; sourceTree = "<group>"; };
		C20000000000000000000032 /* ARLightingDemo.swift */ = {isa = PBXFileReference; lastKnownFileType = sourcecode.swift; path = ARLightingDemo.swift; sourceTree = "<group>"; };
		C20000000000000000000033 /* AnimationDemo.swift */ = {isa = PBXFileReference; lastKnownFileType = sourcecode.swift; path = AnimationDemo.swift; sourceTree = "<group>"; };
		C20000000000000000000034 /* ModelViewerDemo.swift */ = {isa = PBXFileReference; lastKnownFileType = sourcecode.swift; path = ModelViewerDemo.swift; sourceTree = "<group>"; };
		C20000000000000000000035 /* MultiModelDemo.swift */ = {isa = PBXFileReference; lastKnownFileType = sourcecode.swift; path = MultiModelDemo.swift; sourceTree = "<group>"; };
		C20000000000000000000036 /* ARPlacementDemo.swift */ = {isa = PBXFileReference; lastKnownFileType = sourcecode.swift; path = ARPlacementDemo.swift; sourceTree = "<group>"; };
		C20000000000000000000037 /* ARInstantPlacementDemo.swift */ = {isa = PBXFileReference; lastKnownFileType = sourcecode.swift; path = ARInstantPlacementDemo.swift; sourceTree = "<group>"; };
		C20000000000000000000038 /* SpatialAudioDemo.swift */ = {isa = PBXFileReference; lastKnownFileType = sourcecode.swift; path = SpatialAudioDemo.swift; sourceTree = "<group>"; };
		C20000000000000000000039 /* EnvironmentDemo.swift */ = {isa = PBXFileReference; lastKnownFileType = sourcecode.swift; path = EnvironmentDemo.swift; sourceTree = "<group>"; };
		C200000000000000000000E0 /* TextureStreamingDemo.swift */ = {isa = PBXFileReference; lastKnownFileType = sourcecode.swift; path = TextureStreamingDemo.swift; sourceTree = "<group>"; };
		C200000000000000000000E1 /* TextureStreamingScene.swift */ = {isa = PBXFileReference; lastKnownFileType = sourcecode.swift; name = TextureStreamingScene.swift; path = SceneViewDemo/Views/Demos/Scenes/TextureStreamingScene.swift; sourceTree = SOURCE_ROOT; };
		C200000000000000000000F0 /* ARImageTrackingDemo.swift */ = {isa = PBXFileReference; lastKnownFileType = sourcecode.swift; path = ARImageTrackingDemo.swift; sourceTree = "<group>"; };
		C200000000000000000000F1 /* ARAugmentedFacesDemo.swift */ = {isa = PBXFileReference; lastKnownFileType = sourcecode.swift; path = ARAugmentedFacesDemo.swift; sourceTree = "<group>"; };
		C200000000000000000000F2 /* ARDepthOcclusionDemo.swift */ = {isa = PBXFileReference; lastKnownFileType = sourcecode.swift; path = ARDepthOcclusionDemo.swift; sourceTree = "<group>"; };
		C200000000000000000000F3 /* ARPeopleOcclusionDemo.swift */ = {isa = PBXFileReference; lastKnownFileType = sourcecode.swift; path = ARPeopleOcclusionDemo.swift; sourceTree = "<group>"; };
		C200000000000000000000F4 /* ARBodyTrackerDemo.swift */ = {isa = PBXFileReference; lastKnownFileType = sourcecode.swift; path = ARBodyTrackerDemo.swift; sourceTree = "<group>"; };
		C200000000000000000000F5 /* ARSceneMeshDemo.swift */ = {isa = PBXFileReference; lastKnownFileType = sourcecode.swift; path = ARSceneMeshDemo.swift; sourceTree = "<group>"; };
		C200000000000000000000F6 /* ARPlaneNodeDemo.swift */ = {isa = PBXFileReference; lastKnownFileType = sourcecode.swift; path = ARPlaneNodeDemo.swift; sourceTree = "<group>"; };
		C200000000000000000000F7 /* ARPointCloudDemo.swift */ = {isa = PBXFileReference; lastKnownFileType = sourcecode.swift; path = ARPointCloudDemo.swift; sourceTree = "<group>"; };
		E600000000000000000000F3 /* qrcode.png */ = {isa = PBXFileReference; lastKnownFileType = image.png; path = qrcode.png; sourceTree = "<group>"; };
		C200000000000000000000D0 /* ShapeExtrudeDemo.swift */ = {isa = PBXFileReference; lastKnownFileType = sourcecode.swift; path = ShapeExtrudeDemo.swift; sourceTree = "<group>"; };
		C200000000000000000000D1 /* ReflectionProbesDemo.swift */ = {isa = PBXFileReference; lastKnownFileType = sourcecode.swift; path = ReflectionProbesDemo.swift; sourceTree = "<group>"; };
		C200000000000000000000D2 /* VideoTextureDemo.swift */ = {isa = PBXFileReference; lastKnownFileType = sourcecode.swift; path = VideoTextureDemo.swift; sourceTree = "<group>"; };
		C200000000000000000000D3 /* OcclusionMaterialDemo.swift */ = {isa = PBXFileReference; lastKnownFileType = sourcecode.swift; path = OcclusionMaterialDemo.swift; sourceTree = "<group>"; };
		C200000000000000000000D5 /* DebugOverlayDemo.swift */ = {isa = PBXFileReference; lastKnownFileType = sourcecode.swift; path = DebugOverlayDemo.swift; sourceTree = "<group>"; };
		E600000000000000000000D3 /* sample.mp4 */ = {isa = PBXFileReference; lastKnownFileType = video.mpeg4; path = sample.mp4; sourceTree = "<group>"; };
		F60000000000000000000001 /* bell.wav */ = {isa = PBXFileReference; lastKnownFileType = audio.wav; path = bell.wav; sourceTree = "<group>"; };
		F60000000000000000000002 /* CREDITS.md */ = {isa = PBXFileReference; lastKnownFileType = net.daringfireball.markdown; path = CREDITS.md; sourceTree = "<group>"; };
		C20000000000000000000030 /* FavoritesManager.swift */ = {isa = PBXFileReference; lastKnownFileType = sourcecode.swift; path = FavoritesManager.swift; sourceTree = "<group>"; };
		C20000000000000000000050 /* DemoSheet.swift */ = {isa = PBXFileReference; lastKnownFileType = sourcecode.swift; name = DemoSheet.swift; path = SceneViewDemo/Views/Components/DemoSheet.swift; sourceTree = SOURCE_ROOT; };
		C20000000000000000000051 /* CreditsSheet.swift */ = {isa = PBXFileReference; lastKnownFileType = sourcecode.swift; name = CreditsSheet.swift; path = SceneViewDemo/Views/CreditsSheet.swift; sourceTree = SOURCE_ROOT; };
		C20000000000000000000060 /* AppStoreUpdater.swift */ = {isa = PBXFileReference; lastKnownFileType = sourcecode.swift; name = AppStoreUpdater.swift; path = SceneViewDemo/Services/AppStoreUpdater.swift; sourceTree = SOURCE_ROOT; };
		C20000000000000000000061 /* UpdateBanner.swift */ = {isa = PBXFileReference; lastKnownFileType = sourcecode.swift; name = UpdateBanner.swift; path = SceneViewDemo/Views/Components/UpdateBanner.swift; sourceTree = SOURCE_ROOT; };
		D20000000000000000000001 /* game_boy_classic.usdz */ = {isa = PBXFileReference; lastKnownFileType = file.usdz; path = game_boy_classic.usdz; sourceTree = "<group>"; };
		D20000000000000000000002 /* tree_scene.usdz */ = {isa = PBXFileReference; lastKnownFileType = file.usdz; path = tree_scene.usdz; sourceTree = "<group>"; };
		D20000000000000000000003 /* red_car.usdz */ = {isa = PBXFileReference; lastKnownFileType = file.usdz; path = red_car.usdz; sourceTree = "<group>"; };
		D20000000000000000000005 /* animated_butterfly.usdz */ = {isa = PBXFileReference; lastKnownFileType = file.usdz; path = animated_butterfly.usdz; sourceTree = "<group>"; };
		D20000000000000000000006 /* retro_piano.usdz */ = {isa = PBXFileReference; lastKnownFileType = file.usdz; path = retro_piano.usdz; sourceTree = "<group>"; };
		D20000000000000000000007 /* phoenix_bird.usdz */ = {isa = PBXFileReference; lastKnownFileType = file.usdz; path = phoenix_bird.usdz; sourceTree = "<group>"; };
		D20000000000000000000008 /* cyberpunk_car.usdz */ = {isa = PBXFileReference; lastKnownFileType = file.usdz; path = cyberpunk_car.usdz; sourceTree = "<group>"; };
		D20000000000000000000009 /* fantasy_book.usdz */ = {isa = PBXFileReference; lastKnownFileType = file.usdz; path = fantasy_book.usdz; sourceTree = "<group>"; };
		D2000000000000000000000A /* mosquito_amber.usdz */ = {isa = PBXFileReference; lastKnownFileType = file.usdz; path = mosquito_amber.usdz; sourceTree = "<group>"; };
		D2000000000000000000000B /* ship_in_clouds.usdz */ = {isa = PBXFileReference; lastKnownFileType = file.usdz; path = ship_in_clouds.usdz; sourceTree = "<group>"; };
		D2000000000000000000000C /* cyberpunk_hovercar.usdz */ = {isa = PBXFileReference; lastKnownFileType = file.usdz; path = cyberpunk_hovercar.usdz; sourceTree = "<group>"; };
		D2000000000000000000000D /* cyberpunk_character.usdz */ = {isa = PBXFileReference; lastKnownFileType = file.usdz; path = cyberpunk_character.usdz; sourceTree = "<group>"; };
		D2000000000000000000000E /* porsche_911.usdz */ = {isa = PBXFileReference; lastKnownFileType = file.usdz; path = porsche_911.usdz; sourceTree = "<group>"; };
		D2000000000000000000000F /* black_dragon.usdz */ = {isa = PBXFileReference; lastKnownFileType = file.usdz; path = black_dragon.usdz; sourceTree = "<group>"; };
		D20000000000000000000010 /* fiat_punto.usdz */ = {isa = PBXFileReference; lastKnownFileType = file.usdz; path = fiat_punto.usdz; sourceTree = "<group>"; };
		D20000000000000000000011 /* shelby_cobra.usdz */ = {isa = PBXFileReference; lastKnownFileType = file.usdz; path = shelby_cobra.usdz; sourceTree = "<group>"; };
		D20000000000000000000012 /* audi_tt.usdz */ = {isa = PBXFileReference; lastKnownFileType = file.usdz; path = audi_tt.usdz; sourceTree = "<group>"; };
		D20000000000000000000013 /* earthquake_california.usdz */ = {isa = PBXFileReference; lastKnownFileType = file.usdz; path = earthquake_california.usdz; sourceTree = "<group>"; };
		D20000000000000000000014 /* lamborghini_countach.usdz */ = {isa = PBXFileReference; lastKnownFileType = file.usdz; path = lamborghini_countach.usdz; sourceTree = "<group>"; };
		D20000000000000000000015 /* nike_air_jordan.usdz */ = {isa = PBXFileReference; lastKnownFileType = file.usdz; path = nike_air_jordan.usdz; sourceTree = "<group>"; };
		D20000000000000000000016 /* ferrari_f40.usdz */ = {isa = PBXFileReference; lastKnownFileType = file.usdz; path = ferrari_f40.usdz; sourceTree = "<group>"; };
		D20000000000000000000017 /* porsche_911_turbo.usdz */ = {isa = PBXFileReference; lastKnownFileType = file.usdz; path = porsche_911_turbo.usdz; sourceTree = "<group>"; };
		D20000000000000000000018 /* ps5_dualsense.usdz */ = {isa = PBXFileReference; lastKnownFileType = file.usdz; path = ps5_dualsense.usdz; sourceTree = "<group>"; };
		D20000000000000000000019 /* tesla_cybertruck.usdz */ = {isa = PBXFileReference; lastKnownFileType = file.usdz; path = tesla_cybertruck.usdz; sourceTree = "<group>"; };
		D2000000000000000000001A /* mercedes_a45_amg.usdz */ = {isa = PBXFileReference; lastKnownFileType = file.usdz; path = mercedes_a45_amg.usdz; sourceTree = "<group>"; };
		D2000000000000000000001B /* nintendo_switch.usdz */ = {isa = PBXFileReference; lastKnownFileType = file.usdz; path = nintendo_switch.usdz; sourceTree = "<group>"; };
		D2000000000000000000001C /* bmw_m3_e30.usdz */ = {isa = PBXFileReference; lastKnownFileType = file.usdz; path = bmw_m3_e30.usdz; sourceTree = "<group>"; };
		19DE0B3B22A2344F009F5343 /* khronos_lantern.usdz */ = {isa = PBXFileReference; lastKnownFileType = file.usdz; path = khronos_lantern.usdz; sourceTree = "<group>"; };
		E14ED838EC53743E24BE22B8 /* khronos_toy_car.usdz */ = {isa = PBXFileReference; lastKnownFileType = file.usdz; path = khronos_toy_car.usdz; sourceTree = "<group>"; };
		18D000109AEAF964E5DDC143 /* khronos_fox.usdz */ = {isa = PBXFileReference; lastKnownFileType = file.usdz; path = khronos_fox.usdz; sourceTree = "<group>"; };
		2C26CC8CC5834E15CDD1F062 /* khronos_damaged_helmet.usdz */ = {isa = PBXFileReference; lastKnownFileType = file.usdz; path = khronos_damaged_helmet.usdz; sourceTree = "<group>"; };
		D77142EC848C995EDE06546D /* SketchfabConfig.swift */ = {isa = PBXFileReference; lastKnownFileType = sourcecode.swift; name = SketchfabConfig.swift; path = SceneViewDemo/Services/SketchfabConfig.swift; sourceTree = SOURCE_ROOT; };
		E20000000000000000000001 /* studio.hdr */ = {isa = PBXFileReference; lastKnownFileType = file; path = studio.hdr; sourceTree = "<group>"; };
		E20000000000000000000002 /* outdoor_cloudy.hdr */ = {isa = PBXFileReference; lastKnownFileType = file; path = outdoor_cloudy.hdr; sourceTree = "<group>"; };
		E20000000000000000000003 /* sunset.hdr */ = {isa = PBXFileReference; lastKnownFileType = file; path = sunset.hdr; sourceTree = "<group>"; };
		E20000000000000000000004 /* rooftop_night.hdr */ = {isa = PBXFileReference; lastKnownFileType = file; path = rooftop_night.hdr; sourceTree = "<group>"; };
		E20000000000000000000005 /* studio_warm.hdr */ = {isa = PBXFileReference; lastKnownFileType = file; path = studio_warm.hdr; sourceTree = "<group>"; };
		E20000000000000000000006 /* autumn_field.hdr */ = {isa = PBXFileReference; lastKnownFileType = file; path = autumn_field.hdr; sourceTree = "<group>"; };
		E20000000000000000000007 /* night_sky.hdr */ = {isa = PBXFileReference; lastKnownFileType = file; path = night_sky.hdr; sourceTree = "<group>"; };
		E6E3457CB732DF2AE71757CC /* MovableLightDemo.swift */ = {isa = PBXFileReference; lastKnownFileType = sourcecode.swift; name = MovableLightDemo.swift; path = SceneViewDemo/Views/Demos/MovableLightDemo.swift; sourceTree = SOURCE_ROOT; };
		F3DDC7D4F688438DB5EBE4ED /* DemoScene.swift */ = {isa = PBXFileReference; lastKnownFileType = sourcecode.swift; name = DemoScene.swift; path = SceneViewDemo/Utilities/DemoScene.swift; sourceTree = SOURCE_ROOT; };
		85C649EB882E1792036DA612 /* AnimationScene.swift */ = {isa = PBXFileReference; lastKnownFileType = sourcecode.swift; name = AnimationScene.swift; path = SceneViewDemo/Views/Demos/Scenes/AnimationScene.swift; sourceTree = SOURCE_ROOT; };
		F63582A5C1EEB276B6E9CA85 /* ArAugmentedFacesScene.swift */ = {isa = PBXFileReference; lastKnownFileType = sourcecode.swift; name = ArAugmentedFacesScene.swift; path = SceneViewDemo/Views/Demos/Scenes/ArAugmentedFacesScene.swift; sourceTree = SOURCE_ROOT; };
		8550BB2028D4FF4056AEBB75 /* ArCloudAnchorsScene.swift */ = {isa = PBXFileReference; lastKnownFileType = sourcecode.swift; name = ArCloudAnchorsScene.swift; path = SceneViewDemo/Views/Demos/Scenes/ArCloudAnchorsScene.swift; sourceTree = SOURCE_ROOT; };
		CEF95C7E0A3E7A2D62A427A8 /* ArDepthOcclusionScene.swift */ = {isa = PBXFileReference; lastKnownFileType = sourcecode.swift; name = ArDepthOcclusionScene.swift; path = SceneViewDemo/Views/Demos/Scenes/ArDepthOcclusionScene.swift; sourceTree = SOURCE_ROOT; };
		139814091E71EF04428D632C /* ArImageStabilizationScene.swift */ = {isa = PBXFileReference; lastKnownFileType = sourcecode.swift; name = ArImageStabilizationScene.swift; path = SceneViewDemo/Views/Demos/Scenes/ArImageStabilizationScene.swift; sourceTree = SOURCE_ROOT; };
		F9894E9E0B48C546F7045302 /* ArImageTrackingScene.swift */ = {isa = PBXFileReference; lastKnownFileType = sourcecode.swift; name = ArImageTrackingScene.swift; path = SceneViewDemo/Views/Demos/Scenes/ArImageTrackingScene.swift; sourceTree = SOURCE_ROOT; };
		DEEA6C6F0910C858DADF4F25 /* ArInstantPlacementScene.swift */ = {isa = PBXFileReference; lastKnownFileType = sourcecode.swift; name = ArInstantPlacementScene.swift; path = SceneViewDemo/Views/Demos/Scenes/ArInstantPlacementScene.swift; sourceTree = SOURCE_ROOT; };
		FD64719EA56EB8B83AAC04D4 /* ArLightingScene.swift */ = {isa = PBXFileReference; lastKnownFileType = sourcecode.swift; name = ArLightingScene.swift; path = SceneViewDemo/Views/Demos/Scenes/ArLightingScene.swift; sourceTree = SOURCE_ROOT; };
		600043FF3AFFE79411B7DD8A /* ArOrbitalScene.swift */ = {isa = PBXFileReference; lastKnownFileType = sourcecode.swift; name = ArOrbitalScene.swift; path = SceneViewDemo/Views/Demos/Scenes/ArOrbitalScene.swift; sourceTree = SOURCE_ROOT; };
		127E970FECE22BF0FC5D8867 /* ArPlacementScene.swift */ = {isa = PBXFileReference; lastKnownFileType = sourcecode.swift; name = ArPlacementScene.swift; path = SceneViewDemo/Views/Demos/Scenes/ArPlacementScene.swift; sourceTree = SOURCE_ROOT; };
		D9E303E39EE615A5EEC66FBD /* ArPoseScene.swift */ = {isa = PBXFileReference; lastKnownFileType = sourcecode.swift; name = ArPoseScene.swift; path = SceneViewDemo/Views/Demos/Scenes/ArPoseScene.swift; sourceTree = SOURCE_ROOT; };
		E722280A1A01A2AA17A2137A /* ArRecordingScene.swift */ = {isa = PBXFileReference; lastKnownFileType = sourcecode.swift; name = ArRecordingScene.swift; path = SceneViewDemo/Views/Demos/Scenes/ArRecordingScene.swift; sourceTree = SOURCE_ROOT; };
		54D804E81126D31E56CEECA9 /* ArRerunScene.swift */ = {isa = PBXFileReference; lastKnownFileType = sourcecode.swift; name = ArRerunScene.swift; path = SceneViewDemo/Views/Demos/Scenes/ArRerunScene.swift; sourceTree = SOURCE_ROOT; };
		4D34E4A9940EE1E38BB98F41 /* ArRooftopAnchorsScene.swift */ = {isa = PBXFileReference; lastKnownFileType = sourcecode.swift; name = ArRooftopAnchorsScene.swift; path = SceneViewDemo/Views/Demos/Scenes/ArRooftopAnchorsScene.swift; sourceTree = SOURCE_ROOT; };
		844945EE3EA49B82A5B88E3E /* ArStreetscapeScene.swift */ = {isa = PBXFileReference; lastKnownFileType = sourcecode.swift; name = ArStreetscapeScene.swift; path = SceneViewDemo/Views/Demos/Scenes/ArStreetscapeScene.swift; sourceTree = SOURCE_ROOT; };
		2AE6912B454203A39DEDE823 /* ArTerrainAnchorsScene.swift */ = {isa = PBXFileReference; lastKnownFileType = sourcecode.swift; name = ArTerrainAnchorsScene.swift; path = SceneViewDemo/Views/Demos/Scenes/ArTerrainAnchorsScene.swift; sourceTree = SOURCE_ROOT; };
		73DB874D6CFA8760B3686E8C /* BillboardScene.swift */ = {isa = PBXFileReference; lastKnownFileType = sourcecode.swift; name = BillboardScene.swift; path = SceneViewDemo/Views/Demos/Scenes/BillboardScene.swift; sourceTree = SOURCE_ROOT; };
		2DB7DDF01D482113A0E2E422 /* CameraControlsScene.swift */ = {isa = PBXFileReference; lastKnownFileType = sourcecode.swift; name = CameraControlsScene.swift; path = SceneViewDemo/Views/Demos/Scenes/CameraControlsScene.swift; sourceTree = SOURCE_ROOT; };
		8E9CA43653623095A5607B33 /* CollisionHitTestScene.swift */ = {isa = PBXFileReference; lastKnownFileType = sourcecode.swift; name = CollisionHitTestScene.swift; path = SceneViewDemo/Views/Demos/Scenes/CollisionHitTestScene.swift; sourceTree = SOURCE_ROOT; };
		1C735A08AAE451562DEFBAF5 /* CustomMeshScene.swift */ = {isa = PBXFileReference; lastKnownFileType = sourcecode.swift; name = CustomMeshScene.swift; path = SceneViewDemo/Views/Demos/Scenes/CustomMeshScene.swift; sourceTree = SOURCE_ROOT; };
		F3AB5B3BF75EEDAC30A88D74 /* DoublePendulumScene.swift */ = {isa = PBXFileReference; lastKnownFileType = sourcecode.swift; name = DoublePendulumScene.swift; path = SceneViewDemo/Views/Demos/Scenes/DoublePendulumScene.swift; sourceTree = SOURCE_ROOT; };
		0A1E32030EDEC9FCFD1E4FB0 /* DynamicSkyScene.swift */ = {isa = PBXFileReference; lastKnownFileType = sourcecode.swift; name = DynamicSkyScene.swift; path = SceneViewDemo/Views/Demos/Scenes/DynamicSkyScene.swift; sourceTree = SOURCE_ROOT; };
		A3B8B5CCC5464FAB8141C76F /* EnvironmentScene.swift */ = {isa = PBXFileReference; lastKnownFileType = sourcecode.swift; name = EnvironmentScene.swift; path = SceneViewDemo/Views/Demos/Scenes/EnvironmentScene.swift; sourceTree = SOURCE_ROOT; };
		E7A2252AA18DB87570FD8BEB /* FogScene.swift */ = {isa = PBXFileReference; lastKnownFileType = sourcecode.swift; name = FogScene.swift; path = SceneViewDemo/Views/Demos/Scenes/FogScene.swift; sourceTree = SOURCE_ROOT; };
		290876CFB45E70811AA137B6 /* GeometryScene.swift */ = {isa = PBXFileReference; lastKnownFileType = sourcecode.swift; name = GeometryScene.swift; path = SceneViewDemo/Views/Demos/Scenes/GeometryScene.swift; sourceTree = SOURCE_ROOT; };
		2B57E9A1481A8D84910B567A /* GestureEditingScene.swift */ = {isa = PBXFileReference; lastKnownFileType = sourcecode.swift; name = GestureEditingScene.swift; path = SceneViewDemo/Views/Demos/Scenes/GestureEditingScene.swift; sourceTree = SOURCE_ROOT; };
		BF935D57FC86051DD436E4D9 /* ImageScene.swift */ = {isa = PBXFileReference; lastKnownFileType = sourcecode.swift; name = ImageScene.swift; path = SceneViewDemo/Views/Demos/Scenes/ImageScene.swift; sourceTree = SOURCE_ROOT; };
		B09C88C7204B3AF37EC6BE5B /* LightTypesScene.swift */ = {isa = PBXFileReference; lastKnownFileType = sourcecode.swift; name = LightTypesScene.swift; path = SceneViewDemo/Views/Demos/Scenes/LightTypesScene.swift; sourceTree = SOURCE_ROOT; };
		FFF5DD3C1C1D21F4F20CA0C9 /* LinesPathsScene.swift */ = {isa = PBXFileReference; lastKnownFileType = sourcecode.swift; name = LinesPathsScene.swift; path = SceneViewDemo/Views/Demos/Scenes/LinesPathsScene.swift; sourceTree = SOURCE_ROOT; };
		BC97EA31B851CDE641C29F3C /* MaterialsScene.swift */ = {isa = PBXFileReference; lastKnownFileType = sourcecode.swift; name = MaterialsScene.swift; path = SceneViewDemo/Views/Demos/Scenes/MaterialsScene.swift; sourceTree = SOURCE_ROOT; };
		4B05E7EA7457BA4E219A3B18 /* ModelViewerScene.swift */ = {isa = PBXFileReference; lastKnownFileType = sourcecode.swift; name = ModelViewerScene.swift; path = SceneViewDemo/Views/Demos/Scenes/ModelViewerScene.swift; sourceTree = SOURCE_ROOT; };
		74E53E9763AF7F1FAC9F526D /* MovableLightScene.swift */ = {isa = PBXFileReference; lastKnownFileType = sourcecode.swift; name = MovableLightScene.swift; path = SceneViewDemo/Views/Demos/Scenes/MovableLightScene.swift; sourceTree = SOURCE_ROOT; };
		E0144763A2AAFBA2F921AA6C /* MultiModelScene.swift */ = {isa = PBXFileReference; lastKnownFileType = sourcecode.swift; name = MultiModelScene.swift; path = SceneViewDemo/Views/Demos/Scenes/MultiModelScene.swift; sourceTree = SOURCE_ROOT; };
		24EDDD0A932E79C5088AEF26 /* PhysicsScene.swift */ = {isa = PBXFileReference; lastKnownFileType = sourcecode.swift; name = PhysicsScene.swift; path = SceneViewDemo/Views/Demos/Scenes/PhysicsScene.swift; sourceTree = SOURCE_ROOT; };
		D7DC3F5EC4E236A2116CB086 /* PostProcessingScene.swift */ = {isa = PBXFileReference; lastKnownFileType = sourcecode.swift; name = PostProcessingScene.swift; path = SceneViewDemo/Views/Demos/Scenes/PostProcessingScene.swift; sourceTree = SOURCE_ROOT; };
		BAC5EEABA6D7A33E6E4C2ED2 /* ReflectionProbesScene.swift */ = {isa = PBXFileReference; lastKnownFileType = sourcecode.swift; name = ReflectionProbesScene.swift; path = SceneViewDemo/Views/Demos/Scenes/ReflectionProbesScene.swift; sourceTree = SOURCE_ROOT; };
		C200000000000000000000D4 /* OcclusionMaterialScene.swift */ = {isa = PBXFileReference; lastKnownFileType = sourcecode.swift; name = OcclusionMaterialScene.swift; path = SceneViewDemo/Views/Demos/Scenes/OcclusionMaterialScene.swift; sourceTree = SOURCE_ROOT; };
		C200000000000000000000D6 /* DebugOverlayScene.swift */ = {isa = PBXFileReference; lastKnownFileType = sourcecode.swift; name = DebugOverlayScene.swift; path = SceneViewDemo/Views/Demos/Scenes/DebugOverlayScene.swift; sourceTree = SOURCE_ROOT; };
		C200000000000000000000F8 /* ArPeopleOcclusionScene.swift */ = {isa = PBXFileReference; lastKnownFileType = sourcecode.swift; name = ArPeopleOcclusionScene.swift; path = SceneViewDemo/Views/Demos/Scenes/ArPeopleOcclusionScene.swift; sourceTree = SOURCE_ROOT; };
		C200000000000000000000F9 /* ArBodyTrackerScene.swift */ = {isa = PBXFileReference; lastKnownFileType = sourcecode.swift; name = ArBodyTrackerScene.swift; path = SceneViewDemo/Views/Demos/Scenes/ArBodyTrackerScene.swift; sourceTree = SOURCE_ROOT; };
		C200000000000000000000FA /* ArSceneMeshScene.swift */ = {isa = PBXFileReference; lastKnownFileType = sourcecode.swift; name = ArSceneMeshScene.swift; path = SceneViewDemo/Views/Demos/Scenes/ArSceneMeshScene.swift; sourceTree = SOURCE_ROOT; };
		C200000000000000000000FB /* ArPlaneNodeScene.swift */ = {isa = PBXFileReference; lastKnownFileType = sourcecode.swift; name = ArPlaneNodeScene.swift; path = SceneViewDemo/Views/Demos/Scenes/ArPlaneNodeScene.swift; sourceTree = SOURCE_ROOT; };
		C200000000000000000000FC /* ArPointCloudScene.swift */ = {isa = PBXFileReference; lastKnownFileType = sourcecode.swift; name = ArPointCloudScene.swift; path = SceneViewDemo/Views/Demos/Scenes/ArPointCloudScene.swift; sourceTree = SOURCE_ROOT; };
		C200000000000000000000FD /* GeneratedScenes.swift */ = {isa = PBXFileReference; lastKnownFileType = sourcecode.swift; path = GeneratedScenes.swift; sourceTree = "<group>"; };
		0EA61BCBF55BC370123347AE /* SceneGalleryScene.swift */ = {isa = PBXFileReference; lastKnownFileType = sourcecode.swift; name = SceneGalleryScene.swift; path = SceneViewDemo/Views/Demos/Scenes/SceneGalleryScene.swift; sourceTree = SOURCE_ROOT; };
		599FF550976F81CB5AFE68BF /* SecondaryCameraScene.swift */ = {isa = PBXFileReference; lastKnownFileType = sourcecode.swift; name = SecondaryCameraScene.swift; path = SceneViewDemo/Views/Demos/Scenes/SecondaryCameraScene.swift; sourceTree = SOURCE_ROOT; };
		1B0C8E686D511E4A17E75291 /* ShapeExtrudeScene.swift */ = {isa = PBXFileReference; lastKnownFileType = sourcecode.swift; name = ShapeExtrudeScene.swift; path = SceneViewDemo/Views/Demos/Scenes/ShapeExtrudeScene.swift; sourceTree = SOURCE_ROOT; };
		04C1442A5E282461B7581066 /* SpatialAudioScene.swift */ = {isa = PBXFileReference; lastKnownFileType = sourcecode.swift; name = SpatialAudioScene.swift; path = SceneViewDemo/Views/Demos/Scenes/SpatialAudioScene.swift; sourceTree = SOURCE_ROOT; };
		1600DF1563900D4EB6820A33 /* TextScene.swift */ = {isa = PBXFileReference; lastKnownFileType = sourcecode.swift; name = TextScene.swift; path = SceneViewDemo/Views/Demos/Scenes/TextScene.swift; sourceTree = SOURCE_ROOT; };
		27FB250D0AE339DB0EB9C6C7 /* VideoTextureScene.swift */ = {isa = PBXFileReference; lastKnownFileType = sourcecode.swift; name = VideoTextureScene.swift; path = SceneViewDemo/Views/Demos/Scenes/VideoTextureScene.swift; sourceTree = SOURCE_ROOT; };
		1EC5EFF554D692141E61884F /* ViewNodeScene.swift */ = {isa = PBXFileReference; lastKnownFileType = sourcecode.swift; name = ViewNodeScene.swift; path = SceneViewDemo/Views/Demos/Scenes/ViewNodeScene.swift; sourceTree = SOURCE_ROOT; };
/* End PBXFileReference section */

/* Begin PBXFrameworksBuildPhase section */
		A30000010000000000000001 /* Frameworks */ = {
			isa = PBXFrameworksBuildPhase;
			buildActionMask = 2147483647;
			files = (
			);
			runOnlyForDeploymentPostprocessing = 0;
		};
		F00000000000000000000022 /* Frameworks */ = {
			isa = PBXFrameworksBuildPhase;
			buildActionMask = 2147483647;
			files = (
			);
			runOnlyForDeploymentPostprocessing = 0;
		};
/* End PBXFrameworksBuildPhase section */

/* Begin PBXGroup section */
		A40000010000000000000001 = {
			isa = PBXGroup;
			children = (
				A40000010000000000000002 /* SceneViewDemo */,
				F00000000000000000000010 /* SceneViewDemoTests */,
				A40000010000000000000003 /* Products */,
				5FA64989921B8BD7A9F30B31 /* ComingSoonScreen.swift */,
				D77142EC848C995EDE06546D /* SketchfabConfig.swift */,
				6C214F8F9A1B35560E551895 /* SketchfabModels.swift */,
				8FFA4BE9A50A8347603AA10E /* SketchfabService.swift */,
				E11525101A2B40A19EAECE6700000001 /* SketchfabSlug.swift */,
				E11525111A2B40A19EAECE6700000002 /* SampleAssets.swift */,
				E11525121A2B40A19EAECE6700000003 /* SketchfabAssetResolver.swift */,
				DB0000000000000000000A01 /* ModelSource.swift */,
				DB0000000000000000000A02 /* GallerySources.swift */,
				DB0000000000000000000A03 /* GallerySourceRegistry.swift */,
				E6E3457CB732DF2AE71757CC /* MovableLightDemo.swift */,
				C20000000000000000000060 /* AppStoreUpdater.swift */,
			);
			sourceTree = "<group>";
		};
		F00000000000000000000010 /* SceneViewDemoTests */ = {
			isa = PBXGroup;
			children = (
				F00000000000000000000002 /* AppStoreUpdaterTests.swift */,
				F00000000000000000000060 /* SketchfabService+Tests.swift */,
				F00000000000000000000070 /* SketchfabAssetResolver+Tests.swift */,
				F00000000000000000000072 /* DemoRegistryGuardTests.swift */,
			);
			path = SceneViewDemoTests;
			sourceTree = "<group>";
		};
		A40000010000000000000002 /* SceneViewDemo */ = {
			isa = PBXGroup;
			children = (
				A20000010000000000000001 /* SceneViewDemoApp.swift */,
				C20000000000000000000021 /* Theme.swift */,
				C20000000000000000000023 /* DeepLinkRouter.swift */,
				C20000000000000000000024 /* DemoDeepLinkRegistry.swift */,
				C40000000000000000000001 /* Views */,
				C40000000000000000000004 /* Utilities */,
				D40000000000000000000001 /* Models */,
				E40000000000000000000001 /* Environments */,
				F40000000000000000000001 /* Audio */,
				E40000000000000000000003 /* Resources */,
				E40000000000000000000002 /* Videos */,
				A20000010000000000000002 /* Assets.xcassets */,
				A20000010000000000000003 /* Info.plist */,
				A20000010000000000000004 /* Config.xcconfig */,
				A20000010000000000000005 /* Secrets.xcconfig.template */,
			);
			path = SceneViewDemo;
			sourceTree = "<group>";
		};
		A40000010000000000000003 /* Products */ = {
			isa = PBXGroup;
			children = (
				A20000010000000000000010 /* SceneViewDemo.app */,
				F00000000000000000000001 /* SceneViewDemoTests.xctest */,
			);
			name = Products;
			sourceTree = "<group>";
		};
		C40000000000000000000001 /* Views */ = {
			isa = PBXGroup;
			children = (
				C40000000000000000000002 /* Tabs */,
				C40000000000000000000003 /* Demos */,
				C40000000000000000000050 /* Components */,
				C20000000000000000000051 /* CreditsSheet.swift */,
			);
			path = Views;
			sourceTree = "<group>";
		};
		C40000000000000000000050 /* Components */ = {
			isa = PBXGroup;
			children = (
				C20000000000000000000050 /* DemoSheet.swift */,
				C20000000000000000000061 /* UpdateBanner.swift */,
			);
			path = Components;
			sourceTree = "<group>";
		};
		C40000000000000000000002 /* Tabs */ = {
			isa = PBXGroup;
			children = (
				C20000000000000000000003 /* ExploreTab.swift */,
				C20000000000000000000004 /* ARTab.swift */,
				C20000000000000000000005 /* SamplesTab.swift */,
				C20000000000000000000006 /* AboutTab.swift */,
			);
			path = Tabs;
			sourceTree = "<group>";
		};
		C40000000000000000000003 /* Demos */ = {
			isa = PBXGroup;
			children = (
				C20000000000000000000007 /* AllShapesDemo.swift */,
				C20000000000000000000008 /* MaterialsDemo.swift */,
				C20000000000000000000009 /* CustomMeshDemo.swift */,
				C20000000000000000000010 /* TextDemo.swift */,
				C20000000000000000000011 /* BillboardDemo.swift */,
				C20000000000000000000012 /* LinesPathsDemo.swift */,
				C20000000000000000000013 /* ImagePlaneDemo.swift */,
				C20000000000000000000014 /* LightTypesDemo.swift */,
				C20000000000000000000015 /* DynamicSkyDemo.swift */,
				C20000000000000000000016 /* FogDemo.swift */,
				C20000000000000000000017 /* PhysicsDemo.swift */,
				C20000000000000000000062 /* DoublePendulumDemo.swift */,
				C20000000000000000000018 /* CameraControlsDemo.swift */,
				C200000000000000000000C1 /* CollisionHitTestDemo.swift */,
				C200000000000000000000CE /* GestureEditingDemo.swift */,
				C20000000000000000000020 /* SceneGalleryDemo.swift */,
				C20000000000000000000022 /* RerunDebugDemo.swift */,
				C20000000000000000000025 /* OrbitalARDemo.swift */,
				C20000000000000000000031 /* ARRecorderDemo.swift */,
				C20000000000000000000032 /* ARLightingDemo.swift */,
				C20000000000000000000033 /* AnimationDemo.swift */,
				C20000000000000000000034 /* ModelViewerDemo.swift */,
				C20000000000000000000035 /* MultiModelDemo.swift */,
				C20000000000000000000036 /* ARPlacementDemo.swift */,
				C20000000000000000000037 /* ARInstantPlacementDemo.swift */,
				C20000000000000000000038 /* SpatialAudioDemo.swift */,
				C20000000000000000000039 /* EnvironmentDemo.swift */,
				C200000000000000000000F0 /* ARImageTrackingDemo.swift */,
				C200000000000000000000F1 /* ARAugmentedFacesDemo.swift */,
				C200000000000000000000F2 /* ARDepthOcclusionDemo.swift */,
				C200000000000000000000D0 /* ShapeExtrudeDemo.swift */,
				C200000000000000000000D1 /* ReflectionProbesDemo.swift */,
				C200000000000000000000D2 /* VideoTextureDemo.swift */,
				C200000000000000000000D3 /* OcclusionMaterialDemo.swift */,
				C200000000000000000000D5 /* DebugOverlayDemo.swift */,
				C200000000000000000000E0 /* TextureStreamingDemo.swift */,
				C200000000000000000000F3 /* ARPeopleOcclusionDemo.swift */,
				C200000000000000000000F4 /* ARBodyTrackerDemo.swift */,
				C200000000000000000000F5 /* ARSceneMeshDemo.swift */,
				C200000000000000000000F6 /* ARPlaneNodeDemo.swift */,
				C200000000000000000000F7 /* ARPointCloudDemo.swift */,
				C200000000000000000000FD /* GeneratedScenes.swift */,
			);
			path = Demos;
			sourceTree = "<group>";
		};
		C40000000000000000000004 /* Utilities */ = {
			isa = PBXGroup;
			children = (
				C20000000000000000000002 /* DemoItem.swift */,
				C20000000000000000000030 /* FavoritesManager.swift */,
			);
			path = Utilities;
			sourceTree = "<group>";
		};
		D40000000000000000000001 /* Models */ = {
			isa = PBXGroup;
			children = (
				D20000000000000000000001 /* game_boy_classic.usdz */,
				D20000000000000000000002 /* tree_scene.usdz */,
				D20000000000000000000003 /* red_car.usdz */,
				D20000000000000000000005 /* animated_butterfly.usdz */,
				D20000000000000000000006 /* retro_piano.usdz */,
				D20000000000000000000007 /* phoenix_bird.usdz */,
				D20000000000000000000008 /* cyberpunk_car.usdz */,
				D20000000000000000000009 /* fantasy_book.usdz */,
				D2000000000000000000000A /* mosquito_amber.usdz */,
				D2000000000000000000000B /* ship_in_clouds.usdz */,
				D2000000000000000000000C /* cyberpunk_hovercar.usdz */,
				D2000000000000000000000D /* cyberpunk_character.usdz */,
				D2000000000000000000000E /* porsche_911.usdz */,
				D2000000000000000000000F /* black_dragon.usdz */,
				D20000000000000000000010 /* fiat_punto.usdz */,
				D20000000000000000000011 /* shelby_cobra.usdz */,
				D20000000000000000000012 /* audi_tt.usdz */,
				D20000000000000000000013 /* earthquake_california.usdz */,
				D20000000000000000000014 /* lamborghini_countach.usdz */,
				D20000000000000000000015 /* nike_air_jordan.usdz */,
				D20000000000000000000016 /* ferrari_f40.usdz */,
				D20000000000000000000017 /* porsche_911_turbo.usdz */,
				D20000000000000000000018 /* ps5_dualsense.usdz */,
				D20000000000000000000019 /* tesla_cybertruck.usdz */,
				D2000000000000000000001A /* mercedes_a45_amg.usdz */,
				D2000000000000000000001B /* nintendo_switch.usdz */,
				D2000000000000000000001C /* bmw_m3_e30.usdz */,
				19DE0B3B22A2344F009F5343 /* khronos_lantern.usdz */,
				E14ED838EC53743E24BE22B8 /* khronos_toy_car.usdz */,
				18D000109AEAF964E5DDC143 /* khronos_fox.usdz */,
				2C26CC8CC5834E15CDD1F062 /* khronos_damaged_helmet.usdz */,
			);
			path = Models;
			sourceTree = "<group>";
		};
		E40000000000000000000001 /* Environments */ = {
			isa = PBXGroup;
			children = (
				E20000000000000000000001 /* studio.hdr */,
				E20000000000000000000002 /* outdoor_cloudy.hdr */,
				E20000000000000000000003 /* sunset.hdr */,
				E20000000000000000000004 /* rooftop_night.hdr */,
				E20000000000000000000005 /* studio_warm.hdr */,
				E20000000000000000000006 /* autumn_field.hdr */,
				E20000000000000000000007 /* night_sky.hdr */,
			);
			path = Environments;
			sourceTree = "<group>";
		};
		F40000000000000000000001 /* Audio */ = {
			isa = PBXGroup;
			children = (
				F60000000000000000000001 /* bell.wav */,
				F60000000000000000000002 /* CREDITS.md */,
			);
			path = Audio;
			sourceTree = "<group>";
		};
		E40000000000000000000003 /* Resources */ = {
			isa = PBXGroup;
			children = (
				E600000000000000000000F3 /* qrcode.png */,
			);
			path = Resources;
			sourceTree = "<group>";
		};
		E40000000000000000000002 /* Videos */ = {
			isa = PBXGroup;
			children = (
				E600000000000000000000D3 /* sample.mp4 */,
			);
			path = Videos;
			sourceTree = "<group>";
		};
/* End PBXGroup section */

/* Begin PBXNativeTarget section */
		A50000010000000000000001 /* SceneViewDemo */ = {
			isa = PBXNativeTarget;
			buildConfigurationList = A70000010000000000000003 /* Build configuration list for PBXNativeTarget "SceneViewDemo" */;
			buildPhases = (
				A60000010000000000000004 /* Collate iOS demos */,
				A60000010000000000000003 /* Validate store secrets */,
				A60000010000000000000001 /* Sources */,
				A30000010000000000000001 /* Frameworks */,
				A60000010000000000000002 /* Resources */,
			);
			buildRules = (
			);
			dependencies = (
			);
			name = SceneViewDemo;
			packageProductDependencies = (
				A80000010000000000000001 /* SceneViewSwift */,
			);
			productName = SceneViewDemo;
			productReference = A20000010000000000000010 /* SceneViewDemo.app */;
			productType = "com.apple.product-type.application";
		};
		F00000000000000000000020 /* SceneViewDemoTests */ = {
			isa = PBXNativeTarget;
			buildConfigurationList = F00000000000000000000042 /* Build configuration list for PBXNativeTarget "SceneViewDemoTests" */;
			buildPhases = (
				F00000000000000000000021 /* Sources */,
				F00000000000000000000022 /* Frameworks */,
				F00000000000000000000023 /* Resources */,
			);
			buildRules = (
			);
			dependencies = (
				F00000000000000000000030 /* PBXTargetDependency */,
			);
			name = SceneViewDemoTests;
			productName = SceneViewDemoTests;
			productReference = F00000000000000000000001 /* SceneViewDemoTests.xctest */;
			productType = "com.apple.product-type.bundle.unit-test";
		};
/* End PBXNativeTarget section */

/* Begin PBXProject section */
		A90000010000000000000001 /* Project object */ = {
			isa = PBXProject;
			attributes = {
				BuildIndependentTargetsInParallel = 1;
				LastSwiftUpdateCheck = 1600;
				LastUpgradeCheck = 1600;
				TargetAttributes = {
					A50000010000000000000001 = {
						CreatedOnToolsVersion = 16.0;
					};
					F00000000000000000000020 = {
						CreatedOnToolsVersion = 16.0;
						TestTargetID = A50000010000000000000001;
					};
				};
			};
			buildConfigurationList = A70000010000000000000001 /* Build configuration list for PBXProject "SceneViewDemo" */;
			compatibilityVersion = "Xcode 14.0";
			developmentRegion = en;
			hasScannedForEncodings = 0;
			knownRegions = (
				en,
				Base,
			);
			mainGroup = A40000010000000000000001;
			packageReferences = (
				A80000010000000000000002 /* XCLocalSwiftPackageReference "../../SceneViewSwift" */,
			);
			productRefGroup = A40000010000000000000003 /* Products */;
			projectDirPath = "";
			projectRoot = "";
			targets = (
				A50000010000000000000001 /* SceneViewDemo */,
				F00000000000000000000020 /* SceneViewDemoTests */,
			);
		};
/* End PBXProject section */

/* Begin PBXResourcesBuildPhase section */
		A60000010000000000000002 /* Resources */ = {
			isa = PBXResourcesBuildPhase;
			buildActionMask = 2147483647;
			files = (
				A10000010000000000000002 /* Assets.xcassets in Resources */,
				F50000000000000000000001 /* bell.wav in Resources */,
				E500000000000000000000F3 /* qrcode.png in Resources */,
				E500000000000000000000D3 /* sample.mp4 in Resources */,
				D10000000000000000000001 /* game_boy_classic.usdz in Resources */,
				D10000000000000000000002 /* tree_scene.usdz in Resources */,
				D10000000000000000000003 /* red_car.usdz in Resources */,
				D10000000000000000000005 /* animated_butterfly.usdz in Resources */,
				D10000000000000000000006 /* retro_piano.usdz in Resources */,
				D10000000000000000000007 /* phoenix_bird.usdz in Resources */,
				D10000000000000000000008 /* cyberpunk_car.usdz in Resources */,
				D10000000000000000000009 /* fantasy_book.usdz in Resources */,
				D1000000000000000000000A /* mosquito_amber.usdz in Resources */,
				D1000000000000000000000B /* ship_in_clouds.usdz in Resources */,
				D1000000000000000000000C /* cyberpunk_hovercar.usdz in Resources */,
				D1000000000000000000000D /* cyberpunk_character.usdz in Resources */,
				D1000000000000000000000E /* porsche_911.usdz in Resources */,
				D1000000000000000000000F /* black_dragon.usdz in Resources */,
				D10000000000000000000010 /* fiat_punto.usdz in Resources */,
				D10000000000000000000011 /* shelby_cobra.usdz in Resources */,
				D10000000000000000000012 /* audi_tt.usdz in Resources */,
				D10000000000000000000013 /* earthquake_california.usdz in Resources */,
				D10000000000000000000014 /* lamborghini_countach.usdz in Resources */,
				D10000000000000000000015 /* nike_air_jordan.usdz in Resources */,
				D10000000000000000000016 /* ferrari_f40.usdz in Resources */,
				D10000000000000000000017 /* porsche_911_turbo.usdz in Resources */,
				D10000000000000000000018 /* ps5_dualsense.usdz in Resources */,
				D10000000000000000000019 /* tesla_cybertruck.usdz in Resources */,
				D1000000000000000000001A /* mercedes_a45_amg.usdz in Resources */,
				D1000000000000000000001B /* nintendo_switch.usdz in Resources */,
				D1000000000000000000001C /* bmw_m3_e30.usdz in Resources */,
				67036B2BB7EE12BD596AB1F7 /* khronos_lantern.usdz in Resources */,
				EE5AC4C13BBB781FED30597B /* khronos_toy_car.usdz in Resources */,
				66ED22160BBB08C5B508AF55 /* khronos_fox.usdz in Resources */,
				9B8C930A67638FE6BD6833AD /* khronos_damaged_helmet.usdz in Resources */,
				E10000000000000000000001 /* studio.hdr in Resources */,
				E10000000000000000000002 /* outdoor_cloudy.hdr in Resources */,
				E10000000000000000000003 /* sunset.hdr in Resources */,
				E10000000000000000000004 /* rooftop_night.hdr in Resources */,
				E10000000000000000000005 /* studio_warm.hdr in Resources */,
				E10000000000000000000006 /* autumn_field.hdr in Resources */,
				E10000000000000000000007 /* night_sky.hdr in Resources */,
			);
			runOnlyForDeploymentPostprocessing = 0;
		};
		F00000000000000000000023 /* Resources */ = {
			isa = PBXResourcesBuildPhase;
			buildActionMask = 2147483647;
			files = (
			);
			runOnlyForDeploymentPostprocessing = 0;
		};
/* End PBXResourcesBuildPhase section */

/* Begin PBXShellScriptBuildPhase section */
		A60000010000000000000004 /* Collate iOS demos */ = {
			isa = PBXShellScriptBuildPhase;
			alwaysOutOfDate = 0;
			buildActionMask = 2147483647;
			files = (
			);
			inputFileListPaths = (
			);
			inputPaths = (
				"$(SRCROOT)/SceneViewDemo/Views/Demos/Scenes/*.swift",
			);
			name = "Collate iOS demos";
			outputFileListPaths = (
			);
			outputPaths = (
				"$(SRCROOT)/SceneViewDemo/Views/Demos/GeneratedScenes.swift",
			);
			runOnlyForDeploymentPostprocessing = 0;
			shellPath = /bin/sh;
			shellScript = "# Regenerate GeneratedScenes.swift from per-demo *Scene.swift files.\n# See samples/ios-demo/scripts/collate-ios-demos.sh for full details.\n# Adding a new demo: create Views/Demos/Scenes/<Name>Scene.swift and build.\nset -euo pipefail\nSCRIPT=\"${SRCROOT}/scripts/collate-ios-demos.sh\"\nif [ ! -f \"$SCRIPT\" ]; then\n  echo \"warning: collate-ios-demos.sh not found at $SCRIPT — GeneratedScenes.swift may be stale.\"\n  exit 0\nfi\nbash \"$SCRIPT\"\n";
		};
		A60000010000000000000003 /* Validate store secrets */ = {
			isa = PBXShellScriptBuildPhase;
			alwaysOutOfDate = 1;
			buildActionMask = 2147483647;
			files = (
			);
			inputFileListPaths = (
			);
			inputPaths = (
			);
			name = "Validate store secrets";
			outputFileListPaths = (
			);
			outputPaths = (
			);
			runOnlyForDeploymentPostprocessing = 0;
			shellPath = /bin/sh;
			shellScript = "# Fail-loud guard for store secrets (#1915).\n#\n# An empty / unsubstituted SKETCHFAB_API_KEY compiles silently — Xcode is\n# happy with the literal placeholder \"$(SKETCHFAB_API_KEY)\" — and ships a\n# TestFlight / App Store build whose Explore tab Sketchfab carousels are\n# invisible, with nothing surfacing the cause. That is the exact silent-fail\n# class that caused #1909.\n#\n# Refuse to archive a RELEASE configuration when the key is empty or still the\n# unsubstituted placeholder. Debug builds stay permissive — developers without\n# the key still need to compile. Forks without the org secret opt out with\n# SV_ALLOW_MISSING_SECRETS=1.\nset -eu\nif [ \"${CONFIGURATION}\" != \"Release\" ]; then\n  echo \"note: store-secret guard skipped (CONFIGURATION=${CONFIGURATION}, not Release).\"\n  exit 0\nfi\nif [ \"${SV_ALLOW_MISSING_SECRETS:-0}\" = \"1\" ]; then\n  echo \"warning: SV_ALLOW_MISSING_SECRETS=1 — skipping release secret guard (#1915).\"\n  exit 0\nfi\nKEY=\"${SKETCHFAB_API_KEY:-}\"\nif [ -z \"${KEY}\" ] || [ \"${KEY}\" = '$(SKETCHFAB_API_KEY)' ]; then\n  echo \"error: Release archive refusing to ship — SKETCHFAB_API_KEY is empty or unsubstituted.\"\n  echo \"error:   An empty key ships a build with invisible Sketchfab carousels (the #1909 silent-fail class).\"\n  echo \"error:   Fix: pass SKETCHFAB_API_KEY=\\\"\\$SKETCHFAB_API_KEY\\\" to xcodebuild archive (CI: GitHub Secrets).\"\n  echo \"error:   Forks without the org secret: pass SV_ALLOW_MISSING_SECRETS=1 to override.\"\n  exit 1\nfi\necho \"note: release secret guard (#1915): SKETCHFAB_API_KEY present.\"\n";
		};
/* End PBXShellScriptBuildPhase section */

/* Begin PBXSourcesBuildPhase section */
		A60000010000000000000001 /* Sources */ = {
			isa = PBXSourcesBuildPhase;
			buildActionMask = 2147483647;
			files = (
				A10000010000000000000001 /* SceneViewDemoApp.swift in Sources */,
				C10000000000000000000002 /* DemoItem.swift in Sources */,
				C10000000000000000000030 /* FavoritesManager.swift in Sources */,
				C10000000000000000000003 /* ExploreTab.swift in Sources */,
				C10000000000000000000004 /* ARTab.swift in Sources */,
				C10000000000000000000005 /* SamplesTab.swift in Sources */,
				C10000000000000000000006 /* AboutTab.swift in Sources */,
				C10000000000000000000007 /* AllShapesDemo.swift in Sources */,
				C10000000000000000000008 /* MaterialsDemo.swift in Sources */,
				C10000000000000000000009 /* CustomMeshDemo.swift in Sources */,
				C10000000000000000000010 /* TextDemo.swift in Sources */,
				C10000000000000000000011 /* BillboardDemo.swift in Sources */,
				C10000000000000000000012 /* LinesPathsDemo.swift in Sources */,
				C10000000000000000000013 /* ImagePlaneDemo.swift in Sources */,
				C10000000000000000000014 /* LightTypesDemo.swift in Sources */,
				C10000000000000000000015 /* DynamicSkyDemo.swift in Sources */,
				C10000000000000000000016 /* FogDemo.swift in Sources */,
				C10000000000000000000017 /* PhysicsDemo.swift in Sources */,
				C10000000000000000000062 /* DoublePendulumDemo.swift in Sources */,
				C10000000000000000000018 /* CameraControlsDemo.swift in Sources */,
				C100000000000000000000C1 /* CollisionHitTestDemo.swift in Sources */,
				C100000000000000000000CE /* GestureEditingDemo.swift in Sources */,
				C10000000000000000000020 /* SceneGalleryDemo.swift in Sources */,
				C10000000000000000000021 /* Theme.swift in Sources */,
				C10000000000000000000022 /* RerunDebugDemo.swift in Sources */,
				C10000000000000000000023 /* DeepLinkRouter.swift in Sources */,
				C10000000000000000000024 /* DemoDeepLinkRegistry.swift in Sources */,
				0C0448E495F77BF795D1C647 /* ComingSoonScreen.swift in Sources */,
				95BE47B4B9B828745697FB4B /* SketchfabConfig.swift in Sources */,
				593E4FADBA93AF1190A3A67E /* SketchfabModels.swift in Sources */,
				B4A94ABD8B5DA5F4E4CE4834 /* SketchfabService.swift in Sources */,
				E11525001A2B40A19EAECE6700000001 /* SketchfabSlug.swift in Sources */,
				E11525011A2B40A19EAECE6700000002 /* SampleAssets.swift in Sources */,
				E11525021A2B40A19EAECE6700000003 /* SketchfabAssetResolver.swift in Sources */,
				DA0000000000000000000A01 /* ModelSource.swift in Sources */,
				DA0000000000000000000A02 /* GallerySources.swift in Sources */,
				DA0000000000000000000A03 /* GallerySourceRegistry.swift in Sources */,
				C10000000000000000000025 /* OrbitalARDemo.swift in Sources */,
				C10000000000000000000031 /* ARRecorderDemo.swift in Sources */,
				C10000000000000000000032 /* ARLightingDemo.swift in Sources */,
				C10000000000000000000033 /* AnimationDemo.swift in Sources */,
				C10000000000000000000034 /* ModelViewerDemo.swift in Sources */,
				C10000000000000000000035 /* MultiModelDemo.swift in Sources */,
				C10000000000000000000036 /* ARPlacementDemo.swift in Sources */,
				C10000000000000000000037 /* ARInstantPlacementDemo.swift in Sources */,
				C10000000000000000000038 /* SpatialAudioDemo.swift in Sources */,
				C10000000000000000000039 /* EnvironmentDemo.swift in Sources */,
				C100000000000000000000F0 /* ARImageTrackingDemo.swift in Sources */,
				C100000000000000000000F1 /* ARAugmentedFacesDemo.swift in Sources */,
				C100000000000000000000F2 /* ARDepthOcclusionDemo.swift in Sources */,
				C100000000000000000000F3 /* ARPeopleOcclusionDemo.swift in Sources */,
				C100000000000000000000F4 /* ARBodyTrackerDemo.swift in Sources */,
				C100000000000000000000F5 /* ARSceneMeshDemo.swift in Sources */,
				C100000000000000000000F6 /* ARPlaneNodeDemo.swift in Sources */,
				C100000000000000000000F7 /* ARPointCloudDemo.swift in Sources */,
				C100000000000000000000D0 /* ShapeExtrudeDemo.swift in Sources */,
				C100000000000000000000D1 /* ReflectionProbesDemo.swift in Sources */,
				C100000000000000000000D2 /* VideoTextureDemo.swift in Sources */,
				C100000000000000000000D3 /* OcclusionMaterialDemo.swift in Sources */,
				C100000000000000000000D4 /* OcclusionMaterialScene.swift in Sources */,
				C100000000000000000000E0 /* TextureStreamingDemo.swift in Sources */,
				C100000000000000000000D5 /* DebugOverlayDemo.swift in Sources */,
				C100000000000000000000D6 /* DebugOverlayScene.swift in Sources */,
				ED794E60A009AF57DE2B2861 /* MovableLightDemo.swift in Sources */,
				C10000000000000000000050 /* DemoSheet.swift in Sources */,
				C10000000000000000000051 /* CreditsSheet.swift in Sources */,
				C10000000000000000000060 /* AppStoreUpdater.swift in Sources */,
				C10000000000000000000061 /* UpdateBanner.swift in Sources */,
				7E28E9DEA941B656301CDA67 /* DemoScene.swift in Sources */,
				F962AD205078EAFC5201865B /* AnimationScene.swift in Sources */,
				96C00DAEDB204FF3E420ED1B /* ArAugmentedFacesScene.swift in Sources */,
				3DC54357982F78B8C2E02FC8 /* ArCloudAnchorsScene.swift in Sources */,
				88B30D69A8295299DB46B027 /* ArDepthOcclusionScene.swift in Sources */,
				D5DD1737713F4BE9511234D8 /* ArImageStabilizationScene.swift in Sources */,
				0556583EF5AF44854433ED30 /* ArImageTrackingScene.swift in Sources */,
				AB01222A63039941E8E2398B /* ArInstantPlacementScene.swift in Sources */,
				5E207E2F7A55D2D96DBD1814 /* ArLightingScene.swift in Sources */,
				E3564B14080F27209FF35DC5 /* ArOrbitalScene.swift in Sources */,
				50708BAB945D780C4BB6300A /* ArPlacementScene.swift in Sources */,
				1E9AB7FFE1217027A6D3D792 /* ArPoseScene.swift in Sources */,
				AFB627071014C9E0F4C577BC /* ArRecordingScene.swift in Sources */,
				A6AA5F59463038402CB1B9CF /* ArRerunScene.swift in Sources */,
				4D7BABB3B6EF11E48A1622BF /* ArRooftopAnchorsScene.swift in Sources */,
				AEF19CE1A2D316F8EC29748A /* ArStreetscapeScene.swift in Sources */,
				D514B18E4CCB2105995036DC /* ArTerrainAnchorsScene.swift in Sources */,
				C100000000000000000000F8 /* ArPeopleOcclusionScene.swift in Sources */,
				C100000000000000000000F9 /* ArBodyTrackerScene.swift in Sources */,
				C100000000000000000000FA /* ArSceneMeshScene.swift in Sources */,
				C100000000000000000000FB /* ArPlaneNodeScene.swift in Sources */,
				C100000000000000000000FC /* ArPointCloudScene.swift in Sources */,
				C100000000000000000000FD /* GeneratedScenes.swift in Sources */,
				935E1D835EF073D4BF37115D /* BillboardScene.swift in Sources */,
				20ECEDB5700B0025654413E5 /* CameraControlsScene.swift in Sources */,
				142DB7943F0D5AAC072D8C3D /* CollisionHitTestScene.swift in Sources */,
				4174B93766B7BD3B8D98783F /* CustomMeshScene.swift in Sources */,
				BD016517EAC148510B51E258 /* DoublePendulumScene.swift in Sources */,
				CDDC40367454570BA7AF147F /* DynamicSkyScene.swift in Sources */,
				595BE7B36EE44F0893381277 /* EnvironmentScene.swift in Sources */,
				FED589255E75D35A9DACBA0A /* FogScene.swift in Sources */,
				A8F7A49A69BCF88DD6C97314 /* GeometryScene.swift in Sources */,
				0FE3731854F188786E79ED57 /* GestureEditingScene.swift in Sources */,
				4B652988C6421C693CCF45A4 /* ImageScene.swift in Sources */,
				A25E3658944E30160600F6B7 /* LightTypesScene.swift in Sources */,
				B6101BF6825F0337CEC97910 /* LinesPathsScene.swift in Sources */,
				D215E74EDFD5224A0D611C49 /* MaterialsScene.swift in Sources */,
				63639070635D8E5F607E8E11 /* ModelViewerScene.swift in Sources */,
				7F3779F3EAE0CB8A8E2163A8 /* MovableLightScene.swift in Sources */,
				C6718D6992125E496CA5E387 /* MultiModelScene.swift in Sources */,
				BEA1469B6B63E6A1C636864B /* PhysicsScene.swift in Sources */,
				2EDA814DF8E000720E47B6D0 /* PostProcessingScene.swift in Sources */,
				D5304A7821A99E09C8746927 /* ReflectionProbesScene.swift in Sources */,
				922DE8B725A90B5B9D794809 /* SceneGalleryScene.swift in Sources */,
				A082675FB1DC8B7A933C3EB0 /* SecondaryCameraScene.swift in Sources */,
				DD3FF7C0836D9DD90C767D6D /* ShapeExtrudeScene.swift in Sources */,
				A3BAB0EC281F966421D8019A /* SpatialAudioScene.swift in Sources */,
				1CFD879D196F1D23142D7ACD /* TextScene.swift in Sources */,
				A928A0266FD0B8196F11DF4A /* VideoTextureScene.swift in Sources */,
				C100000000000000000000E1 /* TextureStreamingScene.swift in Sources */,
				9D72C9CAE331B90315010DC3 /* ViewNodeScene.swift in Sources */,
			);
			runOnlyForDeploymentPostprocessing = 0;
		};
		F00000000000000000000021 /* Sources */ = {
			isa = PBXSourcesBuildPhase;
			buildActionMask = 2147483647;
			files = (
				F00000000000000000000003 /* AppStoreUpdaterTests.swift in Sources */,
				F00000000000000000000061 /* SketchfabService+Tests.swift in Sources */,
				F00000000000000000000071 /* SketchfabAssetResolver+Tests.swift in Sources */,
				F00000000000000000000073 /* DemoRegistryGuardTests.swift in Sources */,
			);
			runOnlyForDeploymentPostprocessing = 0;
		};
/* End PBXSourcesBuildPhase section */

/* Begin PBXTargetDependency section */
		F00000000000000000000030 /* PBXTargetDependency */ = {
			isa = PBXTargetDependency;
			target = A50000010000000000000001 /* SceneViewDemo */;
			targetProxy = F00000000000000000000031 /* PBXContainerItemProxy */;
		};
/* End PBXTargetDependency section */

/* Begin XCBuildConfiguration section */
		B10000010000000000000001 /* Debug */ = {
			isa = XCBuildConfiguration;
			buildSettings = {
				ALWAYS_SEARCH_USER_PATHS = NO;
				ASSETCATALOG_COMPILER_GENERATE_SWIFT_ASSET_SYMBOL_EXTENSIONS = YES;
				CLANG_ANALYZER_NONNULL = YES;
				CLANG_CXX_LANGUAGE_STANDARD = "gnu++20";
				CLANG_ENABLE_MODULES = YES;
				CLANG_ENABLE_OBJC_ARC = YES;
				CLANG_WARN_BLOCK_CAPTURE_AUTORELEASING = YES;
				CLANG_WARN_BOOL_CONVERSION = YES;
				CLANG_WARN_COMMA = YES;
				CLANG_WARN_CONSTANT_CONVERSION = YES;
				CLANG_WARN_DEPRECATED_OBJC_IMPLEMENTATIONS = YES;
				CLANG_WARN_DIRECT_OBJC_ISA_USAGE = YES_ERROR;
				CLANG_WARN_EMPTY_BODY = YES;
				CLANG_WARN_ENUM_CONVERSION = YES;
				CLANG_WARN_INFINITE_RECURSION = YES;
				CLANG_WARN_INT_CONVERSION = YES;
				CLANG_WARN_OBJC_IMPLICIT_RETAIN_SELF = YES;
				CLANG_WARN_OBJC_LITERAL_CONVERSION = YES;
				CLANG_WARN_OBJC_ROOT_CLASS = YES_ERROR;
				CLANG_WARN_QUOTED_INCLUDE_IN_FRAMEWORK_HEADER = YES;
				CLANG_WARN_RANGE_LOOP_ANALYSIS = YES;
				CLANG_WARN_STRICT_PROTOTYPES = YES;
				CLANG_WARN_SUSPICIOUS_MOVE = YES;
				CLANG_WARN_UNREACHABLE_CODE = YES;
				CLANG_WARN__DUPLICATE_METHOD_MATCH = YES;
				COPY_PHASE_STRIP = NO;
				DEBUG_INFORMATION_FORMAT = dwarf;
				ENABLE_STRICT_OBJC_MSGSEND = YES;
				ENABLE_TESTABILITY = YES;
				ENABLE_USER_SCRIPT_SANDBOXING = NO;
				GCC_C_LANGUAGE_STANDARD = gnu17;
				GCC_DYNAMIC_NO_PIC = NO;
				GCC_NO_COMMON_BLOCKS = YES;
				GCC_OPTIMIZATION_LEVEL = 0;
				GCC_PREPROCESSOR_DEFINITIONS = (
					"DEBUG=1",
					"$(inherited)",
				);
				GCC_WARN_64_TO_32_BIT_CONVERSION = YES;
				GCC_WARN_ABOUT_RETURN_TYPE = YES_ERROR;
				GCC_WARN_UNDECLARED_SELECTOR = YES;
				GCC_WARN_UNINITIALIZED_AUTOS = YES_AGGRESSIVE;
				GCC_WARN_UNUSED_FUNCTION = YES;
				GCC_WARN_UNUSED_VARIABLE = YES;
				IPHONEOS_DEPLOYMENT_TARGET = 18.0;
				MACOSX_DEPLOYMENT_TARGET = 15.0;
				MTL_ENABLE_DEBUG_INFO = INCLUDE_SOURCE;
				MTL_FAST_MATH = YES;
				ONLY_ACTIVE_ARCH = YES;
				SDKROOT = auto;
				SWIFT_ACTIVE_COMPILATION_CONDITIONS = "$(inherited) DEBUG";
				SWIFT_OPTIMIZATION_LEVEL = "-Onone";
			};
			name = Debug;
		};
		B10000010000000000000002 /* Release */ = {
			isa = XCBuildConfiguration;
			buildSettings = {
				ALWAYS_SEARCH_USER_PATHS = NO;
				ASSETCATALOG_COMPILER_GENERATE_SWIFT_ASSET_SYMBOL_EXTENSIONS = YES;
				CLANG_ANALYZER_NONNULL = YES;
				CLANG_CXX_LANGUAGE_STANDARD = "gnu++20";
				CLANG_ENABLE_MODULES = YES;
				CLANG_ENABLE_OBJC_ARC = YES;
				CLANG_WARN_BLOCK_CAPTURE_AUTORELEASING = YES;
				CLANG_WARN_BOOL_CONVERSION = YES;
				CLANG_WARN_COMMA = YES;
				CLANG_WARN_CONSTANT_CONVERSION = YES;
				CLANG_WARN_DEPRECATED_OBJC_IMPLEMENTATIONS = YES;
				CLANG_WARN_DIRECT_OBJC_ISA_USAGE = YES_ERROR;
				CLANG_WARN_EMPTY_BODY = YES;
				CLANG_WARN_ENUM_CONVERSION = YES;
				CLANG_WARN_INFINITE_RECURSION = YES;
				CLANG_WARN_INT_CONVERSION = YES;
				CLANG_WARN_OBJC_IMPLICIT_RETAIN_SELF = YES;
				CLANG_WARN_OBJC_LITERAL_CONVERSION = YES;
				CLANG_WARN_OBJC_ROOT_CLASS = YES_ERROR;
				CLANG_WARN_QUOTED_INCLUDE_IN_FRAMEWORK_HEADER = YES;
				CLANG_WARN_RANGE_LOOP_ANALYSIS = YES;
				CLANG_WARN_STRICT_PROTOTYPES = YES;
				CLANG_WARN_SUSPICIOUS_MOVE = YES;
				CLANG_WARN_UNREACHABLE_CODE = YES;
				CLANG_WARN__DUPLICATE_METHOD_MATCH = YES;
				COPY_PHASE_STRIP = NO;
				DEBUG_INFORMATION_FORMAT = "dwarf-with-dsym";
				ENABLE_NS_ASSERTIONS = NO;
				ENABLE_STRICT_OBJC_MSGSEND = YES;
				ENABLE_USER_SCRIPT_SANDBOXING = NO;
				GCC_C_LANGUAGE_STANDARD = gnu17;
				GCC_NO_COMMON_BLOCKS = YES;
				GCC_WARN_64_TO_32_BIT_CONVERSION = YES;
				GCC_WARN_ABOUT_RETURN_TYPE = YES_ERROR;
				GCC_WARN_UNDECLARED_SELECTOR = YES;
				GCC_WARN_UNINITIALIZED_AUTOS = YES_AGGRESSIVE;
				GCC_WARN_UNUSED_FUNCTION = YES;
				GCC_WARN_UNUSED_VARIABLE = YES;
				IPHONEOS_DEPLOYMENT_TARGET = 18.0;
				MACOSX_DEPLOYMENT_TARGET = 15.0;
				MTL_FAST_MATH = YES;
				SDKROOT = auto;
				SWIFT_COMPILATION_MODE = wholemodule;
				VALIDATE_PRODUCT = YES;
			};
			name = Release;
		};
		B10000010000000000000003 /* Debug */ = {
			isa = XCBuildConfiguration;
			baseConfigurationReference = A20000010000000000000004 /* Config.xcconfig */;
			buildSettings = {
				ASSETCATALOG_COMPILER_APPICON_NAME = AppIcon;
				ASSETCATALOG_COMPILER_GLOBAL_ACCENT_COLOR_NAME = AccentColor;
				CODE_SIGN_ENTITLEMENTS = SceneViewDemo/SceneViewDemo.entitlements;
				CODE_SIGN_IDENTITY = "Apple Development";
				CODE_SIGN_STYLE = Automatic;
				CURRENT_PROJECT_VERSION = 366;
				DEVELOPMENT_TEAM = 5G3DZ3TH45;
				ENABLE_TESTABILITY = YES;
				GENERATE_INFOPLIST_FILE = NO;
				INFOPLIST_FILE = SceneViewDemo/Info.plist;
				INFOPLIST_KEY_CFBundleDisplayName = "SceneView";
				INFOPLIST_KEY_LSApplicationCategoryType = "public.app-category.entertainment";
				IPHONEOS_DEPLOYMENT_TARGET = 18.0;
				LD_RUNPATH_SEARCH_PATHS = (
					"$(inherited)",
					"@executable_path/Frameworks",
				);
				MACOSX_DEPLOYMENT_TARGET = 15.0;
				MARKETING_VERSION = 4.24.0;
				PRODUCT_BUNDLE_IDENTIFIER = io.github.sceneview.demo;
				PRODUCT_NAME = SceneView;
				PRODUCT_MODULE_NAME = SceneViewDemo;
				SUPPORTED_PLATFORMS = "iphoneos iphonesimulator macosx";
				SUPPORTS_MACCATALYST = NO;
				SWIFT_EMIT_LOC_STRINGS = YES;
				SWIFT_VERSION = 6.0;
				TARGETED_DEVICE_FAMILY = "1,2";
			};
			name = Debug;
		};
		B10000010000000000000004 /* Release */ = {
			isa = XCBuildConfiguration;
			baseConfigurationReference = A20000010000000000000004 /* Config.xcconfig */;
			buildSettings = {
				ASSETCATALOG_COMPILER_APPICON_NAME = AppIcon;
				ASSETCATALOG_COMPILER_GLOBAL_ACCENT_COLOR_NAME = AccentColor;
				CODE_SIGN_ENTITLEMENTS = SceneViewDemo/SceneViewDemo.entitlements;
				CODE_SIGN_IDENTITY = "Apple Development";
				"CODE_SIGN_IDENTITY[sdk=iphoneos*]" = "Apple Distribution";
				CODE_SIGN_STYLE = Automatic;
				"CODE_SIGN_STYLE[sdk=iphoneos*]" = Manual;
				CURRENT_PROJECT_VERSION = 366;
				DEVELOPMENT_TEAM = 5G3DZ3TH45;
				GENERATE_INFOPLIST_FILE = NO;
				INFOPLIST_FILE = SceneViewDemo/Info.plist;
				INFOPLIST_KEY_CFBundleDisplayName = "SceneView";
				INFOPLIST_KEY_LSApplicationCategoryType = "public.app-category.entertainment";
				IPHONEOS_DEPLOYMENT_TARGET = 18.0;
				LD_RUNPATH_SEARCH_PATHS = (
					"$(inherited)",
					"@executable_path/Frameworks",
				);
				MACOSX_DEPLOYMENT_TARGET = 15.0;
				MARKETING_VERSION = 4.24.0;
				PRODUCT_BUNDLE_IDENTIFIER = io.github.sceneview.demo;
				PRODUCT_NAME = SceneView;
				PRODUCT_MODULE_NAME = SceneViewDemo;
				"PROVISIONING_PROFILE_SPECIFIER[sdk=iphoneos*]" = "SceneView Demo App Store";
				SUPPORTED_PLATFORMS = "iphoneos iphonesimulator macosx";
				SUPPORTS_MACCATALYST = NO;
				SWIFT_EMIT_LOC_STRINGS = YES;
				SWIFT_VERSION = 6.0;
				TARGETED_DEVICE_FAMILY = "1,2";
			};
			name = Release;
		};
		F00000000000000000000040 /* Debug */ = {
			isa = XCBuildConfiguration;
			buildSettings = {
				ALWAYS_EMBED_SWIFT_STANDARD_LIBRARIES = YES;
				BUNDLE_LOADER = "$(TEST_HOST)";
				CODE_SIGN_STYLE = Automatic;
				CURRENT_PROJECT_VERSION = 1;
				DEVELOPMENT_TEAM = 5G3DZ3TH45;
				GENERATE_INFOPLIST_FILE = YES;
				IPHONEOS_DEPLOYMENT_TARGET = 18.0;
				MACOSX_DEPLOYMENT_TARGET = 15.0;
				MARKETING_VERSION = 1.0;
				PRODUCT_BUNDLE_IDENTIFIER = io.github.sceneview.demo.tests;
				PRODUCT_NAME = "$(TARGET_NAME)";
				SUPPORTED_PLATFORMS = "iphoneos iphonesimulator macosx";
				SUPPORTS_MACCATALYST = NO;
				SWIFT_EMIT_LOC_STRINGS = NO;
				SWIFT_VERSION = 6.0;
				TARGETED_DEVICE_FAMILY = "1,2";
				TEST_HOST = "$(BUILT_PRODUCTS_DIR)/SceneView.app/$(BUNDLE_EXECUTABLE_FOLDER_PATH)/SceneView";
			};
			name = Debug;
		};
		F00000000000000000000041 /* Release */ = {
			isa = XCBuildConfiguration;
			buildSettings = {
				ALWAYS_EMBED_SWIFT_STANDARD_LIBRARIES = YES;
				BUNDLE_LOADER = "$(TEST_HOST)";
				CODE_SIGN_STYLE = Automatic;
				CURRENT_PROJECT_VERSION = 1;
				DEVELOPMENT_TEAM = 5G3DZ3TH45;
				GENERATE_INFOPLIST_FILE = YES;
				IPHONEOS_DEPLOYMENT_TARGET = 18.0;
				MACOSX_DEPLOYMENT_TARGET = 15.0;
				MARKETING_VERSION = 1.0;
				PRODUCT_BUNDLE_IDENTIFIER = io.github.sceneview.demo.tests;
				PRODUCT_NAME = "$(TARGET_NAME)";
				SUPPORTED_PLATFORMS = "iphoneos iphonesimulator macosx";
				SUPPORTS_MACCATALYST = NO;
				SWIFT_EMIT_LOC_STRINGS = NO;
				SWIFT_VERSION = 6.0;
				TARGETED_DEVICE_FAMILY = "1,2";
				TEST_HOST = "$(BUILT_PRODUCTS_DIR)/SceneView.app/$(BUNDLE_EXECUTABLE_FOLDER_PATH)/SceneView";
			};
			name = Release;
		};
/* End XCBuildConfiguration section */

/* Begin XCConfigurationList section */
		A70000010000000000000001 /* Build configuration list for PBXProject "SceneViewDemo" */ = {
			isa = XCConfigurationList;
			buildConfigurations = (
				B10000010000000000000001 /* Debug */,
				B10000010000000000000002 /* Release */,
			);
			defaultConfigurationIsVisible = 0;
			defaultConfigurationName = Release;
		};
		A70000010000000000000003 /* Build configuration list for PBXNativeTarget "SceneViewDemo" */ = {
			isa = XCConfigurationList;
			buildConfigurations = (
				B10000010000000000000003 /* Debug */,
				B10000010000000000000004 /* Release */,
			);
			defaultConfigurationIsVisible = 0;
			defaultConfigurationName = Release;
		};
		F00000000000000000000042 /* Build configuration list for PBXNativeTarget "SceneViewDemoTests" */ = {
			isa = XCConfigurationList;
			buildConfigurations = (
				F00000000000000000000040 /* Debug */,
				F00000000000000000000041 /* Release */,
			);
			defaultConfigurationIsVisible = 0;
			defaultConfigurationName = Release;
		};
/* End XCConfigurationList section */

/* Begin XCLocalSwiftPackageReference section */
		A80000010000000000000002 /* XCLocalSwiftPackageReference "../../SceneViewSwift" */ = {
			isa = XCLocalSwiftPackageReference;
			relativePath = ../../SceneViewSwift;
		};
/* End XCLocalSwiftPackageReference section */

/* Begin XCSwiftPackageProductDependency section */
		A80000010000000000000001 /* SceneViewSwift */ = {
			isa = XCSwiftPackageProductDependency;
			productName = SceneViewSwift;
		};
/* End XCSwiftPackageProductDependency section */
	};
	rootObject = A90000010000000000000001 /* Project object */;
}
