// !$*UTF8*$!
{
	archiveVersion = 1;
	classes = {
	};
	objectVersion = 56;
	objects = {

/* Begin PBXBuildFile section */
		0C0448E495F77BF795D1C647 /* ComingSoonScreen.swift in Sources */ = {isa = PBXBuildFile; fileRef = 5FA64989921B8BD7A9F30B31 /* ComingSoonScreen.swift */; };
		593E4FADBA93AF1190A3A67E /* SketchfabModels.swift in Sources */ = {isa = PBXBuildFile; fileRef = 6C214F8F9A1B35560E551895 /* SketchfabModels.swift */; };
		95BE47B4B9B828745697FB4B /* SketchfabConfig.swift in Sources */ = {isa = PBXBuildFile; fileRef = D77142EC848C995EDE06546D /* SketchfabConfig.swift */; };
		A10000010000000000000001 /* SceneViewDemoApp.swift in Sources */ = {isa = PBXBuildFile; fileRef = A20000010000000000000001 /* SceneViewDemoApp.swift */; };
		A10000010000000000000002 /* Assets.xcassets in Resources */ = {isa = PBXBuildFile; fileRef = A20000010000000000000002 /* Assets.xcassets */; };
		B4A94ABD8B5DA5F4E4CE4834 /* SketchfabService.swift in Sources */ = {isa = PBXBuildFile; fileRef = 8FFA4BE9A50A8347603AA10E /* SketchfabService.swift */; };
		E11525001A2B40A19EAECE6700000001 /* SketchfabSlug.swift in Sources */ = {isa = PBXBuildFile; fileRef = E11525101A2B40A19EAECE6700000001 /* SketchfabSlug.swift */; };
		E11525011A2B40A19EAECE6700000002 /* SampleAssets.swift in Sources */ = {isa = PBXBuildFile; fileRef = E11525111A2B40A19EAECE6700000002 /* SampleAssets.swift */; };
		E11525021A2B40A19EAECE6700000003 /* SketchfabAssetResolver.swift in Sources */ = {isa = PBXBuildFile; fileRef = E11525121A2B40A19EAECE6700000003 /* SketchfabAssetResolver.swift */; };
		C10000000000000000000001 /* HapticManager.swift in Sources */ = {isa = PBXBuildFile; fileRef = C20000000000000000000001 /* HapticManager.swift */; };
		C10000000000000000000002 /* DemoItem.swift in Sources */ = {isa = PBXBuildFile; fileRef = C20000000000000000000002 /* DemoItem.swift */; };
		C10000000000000000000003 /* ExploreTab.swift in Sources */ = {isa = PBXBuildFile; fileRef = C20000000000000000000003 /* ExploreTab.swift */; };
		C10000000000000000000004 /* ARTab.swift in Sources */ = {isa = PBXBuildFile; fileRef = C20000000000000000000004 /* ARTab.swift */; };
		C10000000000000000000005 /* SamplesTab.swift in Sources */ = {isa = PBXBuildFile; fileRef = C20000000000000000000005 /* SamplesTab.swift */; };
		C10000000000000000000006 /* AboutTab.swift in Sources */ = {isa = PBXBuildFile; fileRef = C20000000000000000000006 /* AboutTab.swift */; };
		C10000000000000000000007 /* AllShapesDemo.swift in Sources */ = {isa = PBXBuildFile; fileRef = C20000000000000000000007 /* AllShapesDemo.swift */; };
		C10000000000000000000008 /* MaterialsDemo.swift in Sources */ = {isa = PBXBuildFile; fileRef = C20000000000000000000008 /* MaterialsDemo.swift */; };
		C10000000000000000000009 /* CustomMeshDemo.swift in Sources */ = {isa = PBXBuildFile; fileRef = C20000000000000000000009 /* CustomMeshDemo.swift */; };
		C10000000000000000000010 /* TextDemo.swift in Sources */ = {isa = PBXBuildFile; fileRef = C20000000000000000000010 /* TextDemo.swift */; };
		C10000000000000000000011 /* BillboardDemo.swift in Sources */ = {isa = PBXBuildFile; fileRef = C20000000000000000000011 /* BillboardDemo.swift */; };
		C10000000000000000000012 /* LinesPathsDemo.swift in Sources */ = {isa = PBXBuildFile; fileRef = C20000000000000000000012 /* LinesPathsDemo.swift */; };
		C10000000000000000000013 /* ImagePlaneDemo.swift in Sources */ = {isa = PBXBuildFile; fileRef = C20000000000000000000013 /* ImagePlaneDemo.swift */; };
		C10000000000000000000014 /* LightTypesDemo.swift in Sources */ = {isa = PBXBuildFile; fileRef = C20000000000000000000014 /* LightTypesDemo.swift */; };
		C10000000000000000000015 /* DynamicSkyDemo.swift in Sources */ = {isa = PBXBuildFile; fileRef = C20000000000000000000015 /* DynamicSkyDemo.swift */; };
		C10000000000000000000016 /* FogDemo.swift in Sources */ = {isa = PBXBuildFile; fileRef = C20000000000000000000016 /* FogDemo.swift */; };
		C10000000000000000000017 /* PhysicsDemo.swift in Sources */ = {isa = PBXBuildFile; fileRef = C20000000000000000000017 /* PhysicsDemo.swift */; };
		C10000000000000000000062 /* DoublePendulumDemo.swift in Sources */ = {isa = PBXBuildFile; fileRef = C20000000000000000000062 /* DoublePendulumDemo.swift */; };
		C10000000000000000000018 /* CameraControlsDemo.swift in Sources */ = {isa = PBXBuildFile; fileRef = C20000000000000000000018 /* CameraControlsDemo.swift */; };
		C10000000000000000000020 /* SceneGalleryDemo.swift in Sources */ = {isa = PBXBuildFile; fileRef = C20000000000000000000020 /* SceneGalleryDemo.swift */; };
		C10000000000000000000021 /* Theme.swift in Sources */ = {isa = PBXBuildFile; fileRef = C20000000000000000000021 /* Theme.swift */; };
		C10000000000000000000022 /* RerunDebugDemo.swift in Sources */ = {isa = PBXBuildFile; fileRef = C20000000000000000000022 /* RerunDebugDemo.swift */; };
		C10000000000000000000023 /* DeepLinkRouter.swift in Sources */ = {isa = PBXBuildFile; fileRef = C20000000000000000000023 /* DeepLinkRouter.swift */; };
		C10000000000000000000024 /* DemoDeepLinkRegistry.swift in Sources */ = {isa = PBXBuildFile; fileRef = C20000000000000000000024 /* DemoDeepLinkRegistry.swift */; };
		C10000000000000000000025 /* OrbitalARDemo.swift in Sources */ = {isa = PBXBuildFile; fileRef = C20000000000000000000025 /* OrbitalARDemo.swift */; };
		C10000000000000000000031 /* ARRecorderDemo.swift in Sources */ = {isa = PBXBuildFile; fileRef = C20000000000000000000031 /* ARRecorderDemo.swift */; };
		C10000000000000000000032 /* ARLightingDemo.swift in Sources */ = {isa = PBXBuildFile; fileRef = C20000000000000000000032 /* ARLightingDemo.swift */; };
		C10000000000000000000033 /* AnimationDemo.swift in Sources */ = {isa = PBXBuildFile; fileRef = C20000000000000000000033 /* AnimationDemo.swift */; };
		C10000000000000000000034 /* ModelViewerDemo.swift in Sources */ = {isa = PBXBuildFile; fileRef = C20000000000000000000034 /* ModelViewerDemo.swift */; };
		C10000000000000000000035 /* MultiModelDemo.swift in Sources */ = {isa = PBXBuildFile; fileRef = C20000000000000000000035 /* MultiModelDemo.swift */; };
		C10000000000000000000036 /* ARPlacementDemo.swift in Sources */ = {isa = PBXBuildFile; fileRef = C20000000000000000000036 /* ARPlacementDemo.swift */; };
		C10000000000000000000037 /* ARInstantPlacementDemo.swift in Sources */ = {isa = PBXBuildFile; fileRef = C20000000000000000000037 /* ARInstantPlacementDemo.swift */; };
		C10000000000000000000030 /* FavoritesManager.swift in Sources */ = {isa = PBXBuildFile; fileRef = C20000000000000000000030 /* FavoritesManager.swift */; };
		C10000000000000000000050 /* DemoSheet.swift in Sources */ = {isa = PBXBuildFile; fileRef = C20000000000000000000050 /* DemoSheet.swift */; };
		C10000000000000000000051 /* CreditsSheet.swift in Sources */ = {isa = PBXBuildFile; fileRef = C20000000000000000000051 /* CreditsSheet.swift */; };
		C10000000000000000000060 /* AppStoreUpdater.swift in Sources */ = {isa = PBXBuildFile; fileRef = C20000000000000000000060 /* AppStoreUpdater.swift */; };
		C10000000000000000000061 /* UpdateBanner.swift in Sources */ = {isa = PBXBuildFile; fileRef = C20000000000000000000061 /* UpdateBanner.swift */; };
		D10000000000000000000001 /* game_boy_classic.usdz in Resources */ = {isa = PBXBuildFile; fileRef = D20000000000000000000001 /* game_boy_classic.usdz */; };
		D10000000000000000000002 /* tree_scene.usdz in Resources */ = {isa = PBXBuildFile; fileRef = D20000000000000000000002 /* tree_scene.usdz */; };
		D10000000000000000000003 /* red_car.usdz in Resources */ = {isa = PBXBuildFile; fileRef = D20000000000000000000003 /* red_car.usdz */; };
		D10000000000000000000005 /* animated_butterfly.usdz in Resources */ = {isa = PBXBuildFile; fileRef = D20000000000000000000005 /* animated_butterfly.usdz */; };
		D10000000000000000000006 /* retro_piano.usdz in Resources */ = {isa = PBXBuildFile; fileRef = D20000000000000000000006 /* retro_piano.usdz */; };
		D10000000000000000000007 /* phoenix_bird.usdz in Resources */ = {isa = PBXBuildFile; fileRef = D20000000000000000000007 /* phoenix_bird.usdz */; };
		D10000000000000000000008 /* cyberpunk_car.usdz in Resources */ = {isa = PBXBuildFile; fileRef = D20000000000000000000008 /* cyberpunk_car.usdz */; };
		D10000000000000000000009 /* fantasy_book.usdz in Resources */ = {isa = PBXBuildFile; fileRef = D20000000000000000000009 /* fantasy_book.usdz */; };
		D1000000000000000000000A /* mosquito_amber.usdz in Resources */ = {isa = PBXBuildFile; fileRef = D2000000000000000000000A /* mosquito_amber.usdz */; };
		D1000000000000000000000B /* ship_in_clouds.usdz in Resources */ = {isa = PBXBuildFile; fileRef = D2000000000000000000000B /* ship_in_clouds.usdz */; };
		D1000000000000000000000C /* cyberpunk_hovercar.usdz in Resources */ = {isa = PBXBuildFile; fileRef = D2000000000000000000000C /* cyberpunk_hovercar.usdz */; };
		D1000000000000000000000D /* cyberpunk_character.usdz in Resources */ = {isa = PBXBuildFile; fileRef = D2000000000000000000000D /* cyberpunk_character.usdz */; };
		D1000000000000000000000E /* porsche_911.usdz in Resources */ = {isa = PBXBuildFile; fileRef = D2000000000000000000000E /* porsche_911.usdz */; };
		D1000000000000000000000F /* black_dragon.usdz in Resources */ = {isa = PBXBuildFile; fileRef = D2000000000000000000000F /* black_dragon.usdz */; };
		D10000000000000000000010 /* fiat_punto.usdz in Resources */ = {isa = PBXBuildFile; fileRef = D20000000000000000000010 /* fiat_punto.usdz */; };
		D10000000000000000000011 /* shelby_cobra.usdz in Resources */ = {isa = PBXBuildFile; fileRef = D20000000000000000000011 /* shelby_cobra.usdz */; };
		D10000000000000000000012 /* audi_tt.usdz in Resources */ = {isa = PBXBuildFile; fileRef = D20000000000000000000012 /* audi_tt.usdz */; };
		D10000000000000000000013 /* earthquake_california.usdz in Resources */ = {isa = PBXBuildFile; fileRef = D20000000000000000000013 /* earthquake_california.usdz */; };
		D10000000000000000000014 /* lamborghini_countach.usdz in Resources */ = {isa = PBXBuildFile; fileRef = D20000000000000000000014 /* lamborghini_countach.usdz */; };
		D10000000000000000000015 /* nike_air_jordan.usdz in Resources */ = {isa = PBXBuildFile; fileRef = D20000000000000000000015 /* nike_air_jordan.usdz */; };
		D10000000000000000000016 /* ferrari_f40.usdz in Resources */ = {isa = PBXBuildFile; fileRef = D20000000000000000000016 /* ferrari_f40.usdz */; };
		D10000000000000000000017 /* porsche_911_turbo.usdz in Resources */ = {isa = PBXBuildFile; fileRef = D20000000000000000000017 /* porsche_911_turbo.usdz */; };
		D10000000000000000000018 /* ps5_dualsense.usdz in Resources */ = {isa = PBXBuildFile; fileRef = D20000000000000000000018 /* ps5_dualsense.usdz */; };
		D10000000000000000000019 /* tesla_cybertruck.usdz in Resources */ = {isa = PBXBuildFile; fileRef = D20000000000000000000019 /* tesla_cybertruck.usdz */; };
		D1000000000000000000001A /* mercedes_a45_amg.usdz in Resources */ = {isa = PBXBuildFile; fileRef = D2000000000000000000001A /* mercedes_a45_amg.usdz */; };
		D1000000000000000000001B /* nintendo_switch.usdz in Resources */ = {isa = PBXBuildFile; fileRef = D2000000000000000000001B /* nintendo_switch.usdz */; };
		D1000000000000000000001C /* bmw_m3_e30.usdz in Resources */ = {isa = PBXBuildFile; fileRef = D2000000000000000000001C /* bmw_m3_e30.usdz */; };
		E10000000000000000000001 /* studio.hdr in Resources */ = {isa = PBXBuildFile; fileRef = E20000000000000000000001 /* studio.hdr */; };
		E10000000000000000000002 /* outdoor_cloudy.hdr in Resources */ = {isa = PBXBuildFile; fileRef = E20000000000000000000002 /* outdoor_cloudy.hdr */; };
		E10000000000000000000003 /* sunset.hdr in Resources */ = {isa = PBXBuildFile; fileRef = E20000000000000000000003 /* sunset.hdr */; };
		E10000000000000000000004 /* rooftop_night.hdr in Resources */ = {isa = PBXBuildFile; fileRef = E20000000000000000000004 /* rooftop_night.hdr */; };
		E10000000000000000000005 /* studio_warm.hdr in Resources */ = {isa = PBXBuildFile; fileRef = E20000000000000000000005 /* studio_warm.hdr */; };
		E10000000000000000000006 /* autumn_field.hdr in Resources */ = {isa = PBXBuildFile; fileRef = E20000000000000000000006 /* autumn_field.hdr */; };
		E10000000000000000000007 /* night_sky.hdr in Resources */ = {isa = PBXBuildFile; fileRef = E20000000000000000000007 /* night_sky.hdr */; };
		ED794E60A009AF57DE2B2861 /* MovableLightDemo.swift in Sources */ = {isa = PBXBuildFile; fileRef = E6E3457CB732DF2AE71757CC /* MovableLightDemo.swift */; };
		F00000000000000000000003 /* AppStoreUpdaterTests.swift in Sources */ = {isa = PBXBuildFile; fileRef = F00000000000000000000002 /* AppStoreUpdaterTests.swift */; };
/* End PBXBuildFile section */

/* Begin PBXContainerItemProxy section */
		F00000000000000000000031 /* PBXContainerItemProxy */ = {
			isa = PBXContainerItemProxy;
			containerPortal = A90000010000000000000001 /* Project object */;
			proxyType = 1;
			remoteGlobalIDString = A50000010000000000000001;
			remoteInfo = SceneViewDemo;
		};
/* End PBXContainerItemProxy section */

/* Begin PBXFileReference section */
		5FA64989921B8BD7A9F30B31 /* ComingSoonScreen.swift */ = {isa = PBXFileReference; lastKnownFileType = sourcecode.swift; name = ComingSoonScreen.swift; path = SceneViewDemo/Views/ComingSoonScreen.swift; sourceTree = SOURCE_ROOT; };
		6C214F8F9A1B35560E551895 /* SketchfabModels.swift */ = {isa = PBXFileReference; lastKnownFileType = sourcecode.swift; name = SketchfabModels.swift; path = SceneViewDemo/Services/SketchfabModels.swift; sourceTree = SOURCE_ROOT; };
		8FFA4BE9A50A8347603AA10E /* SketchfabService.swift */ = {isa = PBXFileReference; lastKnownFileType = sourcecode.swift; name = SketchfabService.swift; path = SceneViewDemo/Services/SketchfabService.swift; sourceTree = SOURCE_ROOT; };
		E11525101A2B40A19EAECE6700000001 /* SketchfabSlug.swift */ = {isa = PBXFileReference; lastKnownFileType = sourcecode.swift; name = SketchfabSlug.swift; path = SceneViewDemo/Services/SketchfabSlug.swift; sourceTree = SOURCE_ROOT; };
		E11525111A2B40A19EAECE6700000002 /* SampleAssets.swift */ = {isa = PBXFileReference; lastKnownFileType = sourcecode.swift; name = SampleAssets.swift; path = SceneViewDemo/Services/SampleAssets.swift; sourceTree = SOURCE_ROOT; };
		E11525121A2B40A19EAECE6700000003 /* SketchfabAssetResolver.swift */ = {isa = PBXFileReference; lastKnownFileType = sourcecode.swift; name = SketchfabAssetResolver.swift; path = SceneViewDemo/Services/SketchfabAssetResolver.swift; sourceTree = SOURCE_ROOT; };
		A20000010000000000000001 /* SceneViewDemoApp.swift */ = {isa = PBXFileReference; lastKnownFileType = sourcecode.swift; path = SceneViewDemoApp.swift; sourceTree = "<group>"; };
		A20000010000000000000002 /* Assets.xcassets */ = {isa = PBXFileReference; lastKnownFileType = folder.assetcatalog; path = Assets.xcassets; sourceTree = "<group>"; };
		A20000010000000000000003 /* Info.plist */ = {isa = PBXFileReference; lastKnownFileType = text.plist.xml; path = Info.plist; sourceTree = "<group>"; };
		A20000010000000000000010 /* SceneViewDemo.app */ = {isa = PBXFileReference; explicitFileType = wrapper.application; includeInIndex = 0; path = SceneViewDemo.app; sourceTree = BUILT_PRODUCTS_DIR; };
		F00000000000000000000001 /* SceneViewDemoTests.xctest */ = {isa = PBXFileReference; explicitFileType = wrapper.cfbundle; includeInIndex = 0; path = SceneViewDemoTests.xctest; sourceTree = BUILT_PRODUCTS_DIR; };
		F00000000000000000000002 /* AppStoreUpdaterTests.swift */ = {isa = PBXFileReference; lastKnownFileType = sourcecode.swift; name = AppStoreUpdaterTests.swift; path = SceneViewDemoTests/AppStoreUpdaterTests.swift; sourceTree = SOURCE_ROOT; };
		C20000000000000000000001 /* HapticManager.swift */ = {isa = PBXFileReference; lastKnownFileType = sourcecode.swift; path = HapticManager.swift; sourceTree = "<group>"; };
		C20000000000000000000002 /* DemoItem.swift */ = {isa = PBXFileReference; lastKnownFileType = sourcecode.swift; path = DemoItem.swift; sourceTree = "<group>"; };
		C20000000000000000000003 /* ExploreTab.swift */ = {isa = PBXFileReference; lastKnownFileType = sourcecode.swift; path = ExploreTab.swift; sourceTree = "<group>"; };
		C20000000000000000000004 /* ARTab.swift */ = {isa = PBXFileReference; lastKnownFileType = sourcecode.swift; path = ARTab.swift; sourceTree = "<group>"; };
		C20000000000000000000005 /* SamplesTab.swift */ = {isa = PBXFileReference; lastKnownFileType = sourcecode.swift; path = SamplesTab.swift; sourceTree = "<group>"; };
		C20000000000000000000006 /* AboutTab.swift */ = {isa = PBXFileReference; lastKnownFileType = sourcecode.swift; path = AboutTab.swift; sourceTree = "<group>"; };
		C20000000000000000000007 /* AllShapesDemo.swift */ = {isa = PBXFileReference; lastKnownFileType = sourcecode.swift; path = AllShapesDemo.swift; sourceTree = "<group>"; };
		C20000000000000000000008 /* MaterialsDemo.swift */ = {isa = PBXFileReference; lastKnownFileType = sourcecode.swift; path = MaterialsDemo.swift; sourceTree = "<group>"; };
		C20000000000000000000009 /* CustomMeshDemo.swift */ = {isa = PBXFileReference; lastKnownFileType = sourcecode.swift; path = CustomMeshDemo.swift; sourceTree = "<group>"; };
		C20000000000000000000010 /* TextDemo.swift */ = {isa = PBXFileReference; lastKnownFileType = sourcecode.swift; path = TextDemo.swift; sourceTree = "<group>"; };
		C20000000000000000000011 /* BillboardDemo.swift */ = {isa = PBXFileReference; lastKnownFileType = sourcecode.swift; path = BillboardDemo.swift; sourceTree = "<group>"; };
		C20000000000000000000012 /* LinesPathsDemo.swift */ = {isa = PBXFileReference; lastKnownFileType = sourcecode.swift; path = LinesPathsDemo.swift; sourceTree = "<group>"; };
		C20000000000000000000013 /* ImagePlaneDemo.swift */ = {isa = PBXFileReference; lastKnownFileType = sourcecode.swift; path = ImagePlaneDemo.swift; sourceTree = "<group>"; };
		C20000000000000000000014 /* LightTypesDemo.swift */ = {isa = PBXFileReference; lastKnownFileType = sourcecode.swift; path = LightTypesDemo.swift; sourceTree = "<group>"; };
		C20000000000000000000015 /* DynamicSkyDemo.swift */ = {isa = PBXFileReference; lastKnownFileType = sourcecode.swift; path = DynamicSkyDemo.swift; sourceTree = "<group>"; };
		C20000000000000000000016 /* FogDemo.swift */ = {isa = PBXFileReference; lastKnownFileType = sourcecode.swift; path = FogDemo.swift; sourceTree = "<group>"; };
		C20000000000000000000017 /* PhysicsDemo.swift */ = {isa = PBXFileReference; lastKnownFileType = sourcecode.swift; path = PhysicsDemo.swift; sourceTree = "<group>"; };
		C20000000000000000000062 /* DoublePendulumDemo.swift */ = {isa = PBXFileReference; lastKnownFileType = sourcecode.swift; path = DoublePendulumDemo.swift; sourceTree = "<group>"; };
		C20000000000000000000018 /* CameraControlsDemo.swift */ = {isa = PBXFileReference; lastKnownFileType = sourcecode.swift; path = CameraControlsDemo.swift; sourceTree = "<group>"; };
		C20000000000000000000020 /* SceneGalleryDemo.swift */ = {isa = PBXFileReference; lastKnownFileType = sourcecode.swift; path = SceneGalleryDemo.swift; sourceTree = "<group>"; };
		C20000000000000000000021 /* Theme.swift */ = {isa = PBXFileReference; lastKnownFileType = sourcecode.swift; path = Theme.swift; sourceTree = "<group>"; };
		C20000000000000000000022 /* RerunDebugDemo.swift */ = {isa = PBXFileReference; lastKnownFileType = sourcecode.swift; path = RerunDebugDemo.swift; sourceTree = "<group>"; };
		C20000000000000000000023 /* DeepLinkRouter.swift */ = {isa = PBXFileReference; lastKnownFileType = sourcecode.swift; path = DeepLinkRouter.swift; sourceTree = "<group>"; };
		C20000000000000000000024 /* DemoDeepLinkRegistry.swift */ = {isa = PBXFileReference; lastKnownFileType = sourcecode.swift; path = DemoDeepLinkRegistry.swift; sourceTree = "<group>"; };
		C20000000000000000000025 /* OrbitalARDemo.swift */ = {isa = PBXFileReference; lastKnownFileType = sourcecode.swift; path = OrbitalARDemo.swift; sourceTree = "<group>"; };
		C20000000000000000000031 /* ARRecorderDemo.swift */ = {isa = PBXFileReference; lastKnownFileType = sourcecode.swift; path = ARRecorderDemo.swift; sourceTree = "<group>"; };
		C20000000000000000000032 /* ARLightingDemo.swift */ = {isa = PBXFileReference; lastKnownFileType = sourcecode.swift; path = ARLightingDemo.swift; sourceTree = "<group>"; };
		C20000000000000000000033 /* AnimationDemo.swift */ = {isa = PBXFileReference; lastKnownFileType = sourcecode.swift; path = AnimationDemo.swift; sourceTree = "<group>"; };
		C20000000000000000000034 /* ModelViewerDemo.swift */ = {isa = PBXFileReference; lastKnownFileType = sourcecode.swift; path = ModelViewerDemo.swift; sourceTree = "<group>"; };
		C20000000000000000000035 /* MultiModelDemo.swift */ = {isa = PBXFileReference; lastKnownFileType = sourcecode.swift; path = MultiModelDemo.swift; sourceTree = "<group>"; };
		C20000000000000000000036 /* ARPlacementDemo.swift */ = {isa = PBXFileReference; lastKnownFileType = sourcecode.swift; path = ARPlacementDemo.swift; sourceTree = "<group>"; };
		C20000000000000000000037 /* ARInstantPlacementDemo.swift */ = {isa = PBXFileReference; lastKnownFileType = sourcecode.swift; path = ARInstantPlacementDemo.swift; sourceTree = "<group>"; };
		C20000000000000000000030 /* FavoritesManager.swift */ = {isa = PBXFileReference; lastKnownFileType = sourcecode.swift; path = FavoritesManager.swift; sourceTree = "<group>"; };
		C20000000000000000000050 /* DemoSheet.swift */ = {isa = PBXFileReference; lastKnownFileType = sourcecode.swift; name = DemoSheet.swift; path = SceneViewDemo/Views/Components/DemoSheet.swift; sourceTree = SOURCE_ROOT; };
		C20000000000000000000051 /* CreditsSheet.swift */ = {isa = PBXFileReference; lastKnownFileType = sourcecode.swift; name = CreditsSheet.swift; path = SceneViewDemo/Views/CreditsSheet.swift; sourceTree = SOURCE_ROOT; };
		C20000000000000000000060 /* AppStoreUpdater.swift */ = {isa = PBXFileReference; lastKnownFileType = sourcecode.swift; name = AppStoreUpdater.swift; path = SceneViewDemo/Services/AppStoreUpdater.swift; sourceTree = SOURCE_ROOT; };
		C20000000000000000000061 /* UpdateBanner.swift */ = {isa = PBXFileReference; lastKnownFileType = sourcecode.swift; name = UpdateBanner.swift; path = SceneViewDemo/Views/Components/UpdateBanner.swift; sourceTree = SOURCE_ROOT; };
		D20000000000000000000001 /* game_boy_classic.usdz */ = {isa = PBXFileReference; lastKnownFileType = file.usdz; path = game_boy_classic.usdz; sourceTree = "<group>"; };
		D20000000000000000000002 /* tree_scene.usdz */ = {isa = PBXFileReference; lastKnownFileType = file.usdz; path = tree_scene.usdz; sourceTree = "<group>"; };
		D20000000000000000000003 /* red_car.usdz */ = {isa = PBXFileReference; lastKnownFileType = file.usdz; path = red_car.usdz; sourceTree = "<group>"; };
		D20000000000000000000005 /* animated_butterfly.usdz */ = {isa = PBXFileReference; lastKnownFileType = file.usdz; path = animated_butterfly.usdz; sourceTree = "<group>"; };
		D20000000000000000000006 /* retro_piano.usdz */ = {isa = PBXFileReference; lastKnownFileType = file.usdz; path = retro_piano.usdz; sourceTree = "<group>"; };
		D20000000000000000000007 /* phoenix_bird.usdz */ = {isa = PBXFileReference; lastKnownFileType = file.usdz; path = phoenix_bird.usdz; sourceTree = "<group>"; };
		D20000000000000000000008 /* cyberpunk_car.usdz */ = {isa = PBXFileReference; lastKnownFileType = file.usdz; path = cyberpunk_car.usdz; sourceTree = "<group>"; };
		D20000000000000000000009 /* fantasy_book.usdz */ = {isa = PBXFileReference; lastKnownFileType = file.usdz; path = fantasy_book.usdz; sourceTree = "<group>"; };
		D2000000000000000000000A /* mosquito_amber.usdz */ = {isa = PBXFileReference; lastKnownFileType = file.usdz; path = mosquito_amber.usdz; sourceTree = "<group>"; };
		D2000000000000000000000B /* ship_in_clouds.usdz */ = {isa = PBXFileReference; lastKnownFileType = file.usdz; path = ship_in_clouds.usdz; sourceTree = "<group>"; };
		D2000000000000000000000C /* cyberpunk_hovercar.usdz */ = {isa = PBXFileReference; lastKnownFileType = file.usdz; path = cyberpunk_hovercar.usdz; sourceTree = "<group>"; };
		D2000000000000000000000D /* cyberpunk_character.usdz */ = {isa = PBXFileReference; lastKnownFileType = file.usdz; path = cyberpunk_character.usdz; sourceTree = "<group>"; };
		D2000000000000000000000E /* porsche_911.usdz */ = {isa = PBXFileReference; lastKnownFileType = file.usdz; path = porsche_911.usdz; sourceTree = "<group>"; };
		D2000000000000000000000F /* black_dragon.usdz */ = {isa = PBXFileReference; lastKnownFileType = file.usdz; path = black_dragon.usdz; sourceTree = "<group>"; };
		D20000000000000000000010 /* fiat_punto.usdz */ = {isa = PBXFileReference; lastKnownFileType = file.usdz; path = fiat_punto.usdz; sourceTree = "<group>"; };
		D20000000000000000000011 /* shelby_cobra.usdz */ = {isa = PBXFileReference; lastKnownFileType = file.usdz; path = shelby_cobra.usdz; sourceTree = "<group>"; };
		D20000000000000000000012 /* audi_tt.usdz */ = {isa = PBXFileReference; lastKnownFileType = file.usdz; path = audi_tt.usdz; sourceTree = "<group>"; };
		D20000000000000000000013 /* earthquake_california.usdz */ = {isa = PBXFileReference; lastKnownFileType = file.usdz; path = earthquake_california.usdz; sourceTree = "<group>"; };
		D20000000000000000000014 /* lamborghini_countach.usdz */ = {isa = PBXFileReference; lastKnownFileType = file.usdz; path = lamborghini_countach.usdz; sourceTree = "<group>"; };
		D20000000000000000000015 /* nike_air_jordan.usdz */ = {isa = PBXFileReference; lastKnownFileType = file.usdz; path = nike_air_jordan.usdz; sourceTree = "<group>"; };
		D20000000000000000000016 /* ferrari_f40.usdz */ = {isa = PBXFileReference; lastKnownFileType = file.usdz; path = ferrari_f40.usdz; sourceTree = "<group>"; };
		D20000000000000000000017 /* porsche_911_turbo.usdz */ = {isa = PBXFileReference; lastKnownFileType = file.usdz; path = porsche_911_turbo.usdz; sourceTree = "<group>"; };
		D20000000000000000000018 /* ps5_dualsense.usdz */ = {isa = PBXFileReference; lastKnownFileType = file.usdz; path = ps5_dualsense.usdz; sourceTree = "<group>"; };
		D20000000000000000000019 /* tesla_cybertruck.usdz */ = {isa = PBXFileReference; lastKnownFileType = file.usdz; path = tesla_cybertruck.usdz; sourceTree = "<group>"; };
		D2000000000000000000001A /* mercedes_a45_amg.usdz */ = {isa = PBXFileReference; lastKnownFileType = file.usdz; path = mercedes_a45_amg.usdz; sourceTree = "<group>"; };
		D2000000000000000000001B /* nintendo_switch.usdz */ = {isa = PBXFileReference; lastKnownFileType = file.usdz; path = nintendo_switch.usdz; sourceTree = "<group>"; };
		D2000000000000000000001C /* bmw_m3_e30.usdz */ = {isa = PBXFileReference; lastKnownFileType = file.usdz; path = bmw_m3_e30.usdz; sourceTree = "<group>"; };
		D77142EC848C995EDE06546D /* SketchfabConfig.swift */ = {isa = PBXFileReference; lastKnownFileType = sourcecode.swift; name = SketchfabConfig.swift; path = SceneViewDemo/Services/SketchfabConfig.swift; sourceTree = SOURCE_ROOT; };
		E20000000000000000000001 /* studio.hdr */ = {isa = PBXFileReference; lastKnownFileType = file; path = studio.hdr; sourceTree = "<group>"; };
		E20000000000000000000002 /* outdoor_cloudy.hdr */ = {isa = PBXFileReference; lastKnownFileType = file; path = outdoor_cloudy.hdr; sourceTree = "<group>"; };
		E20000000000000000000003 /* sunset.hdr */ = {isa = PBXFileReference; lastKnownFileType = file; path = sunset.hdr; sourceTree = "<group>"; };
		E20000000000000000000004 /* rooftop_night.hdr */ = {isa = PBXFileReference; lastKnownFileType = file; path = rooftop_night.hdr; sourceTree = "<group>"; };
		E20000000000000000000005 /* studio_warm.hdr */ = {isa = PBXFileReference; lastKnownFileType = file; path = studio_warm.hdr; sourceTree = "<group>"; };
		E20000000000000000000006 /* autumn_field.hdr */ = {isa = PBXFileReference; lastKnownFileType = file; path = autumn_field.hdr; sourceTree = "<group>"; };
		E20000000000000000000007 /* night_sky.hdr */ = {isa = PBXFileReference; lastKnownFileType = file; path = night_sky.hdr; sourceTree = "<group>"; };
		E6E3457CB732DF2AE71757CC /* MovableLightDemo.swift */ = {isa = PBXFileReference; lastKnownFileType = sourcecode.swift; name = MovableLightDemo.swift; path = SceneViewDemo/Views/Demos/MovableLightDemo.swift; sourceTree = SOURCE_ROOT; };
/* End PBXFileReference section */

/* Begin PBXFrameworksBuildPhase section */
		A30000010000000000000001 /* Frameworks */ = {
			isa = PBXFrameworksBuildPhase;
			buildActionMask = 2147483647;
			files = (
			);
			runOnlyForDeploymentPostprocessing = 0;
		};
		F00000000000000000000022 /* Frameworks */ = {
			isa = PBXFrameworksBuildPhase;
			buildActionMask = 2147483647;
			files = (
			);
			runOnlyForDeploymentPostprocessing = 0;
		};
/* End PBXFrameworksBuildPhase section */

/* Begin PBXGroup section */
		A40000010000000000000001 = {
			isa = PBXGroup;
			children = (
				A40000010000000000000002 /* SceneViewDemo */,
				F00000000000000000000010 /* SceneViewDemoTests */,
				A40000010000000000000003 /* Products */,
				5FA64989921B8BD7A9F30B31 /* ComingSoonScreen.swift */,
				D77142EC848C995EDE06546D /* SketchfabConfig.swift */,
				6C214F8F9A1B35560E551895 /* SketchfabModels.swift */,
				8FFA4BE9A50A8347603AA10E /* SketchfabService.swift */,
				E11525101A2B40A19EAECE6700000001 /* SketchfabSlug.swift */,
				E11525111A2B40A19EAECE6700000002 /* SampleAssets.swift */,
				E11525121A2B40A19EAECE6700000003 /* SketchfabAssetResolver.swift */,
				E6E3457CB732DF2AE71757CC /* MovableLightDemo.swift */,
				C20000000000000000000060 /* AppStoreUpdater.swift */,
			);
			sourceTree = "<group>";
		};
		F00000000000000000000010 /* SceneViewDemoTests */ = {
			isa = PBXGroup;
			children = (
				F00000000000000000000002 /* AppStoreUpdaterTests.swift */,
			);
			path = SceneViewDemoTests;
			sourceTree = "<group>";
		};
		A40000010000000000000002 /* SceneViewDemo */ = {
			isa = PBXGroup;
			children = (
				A20000010000000000000001 /* SceneViewDemoApp.swift */,
				C20000000000000000000021 /* Theme.swift */,
				C20000000000000000000023 /* DeepLinkRouter.swift */,
				C20000000000000000000024 /* DemoDeepLinkRegistry.swift */,
				C40000000000000000000001 /* Views */,
				C40000000000000000000004 /* Utilities */,
				D40000000000000000000001 /* Models */,
				E40000000000000000000001 /* Environments */,
				A20000010000000000000002 /* Assets.xcassets */,
				A20000010000000000000003 /* Info.plist */,
			);
			path = SceneViewDemo;
			sourceTree = "<group>";
		};
		A40000010000000000000003 /* Products */ = {
			isa = PBXGroup;
			children = (
				A20000010000000000000010 /* SceneViewDemo.app */,
				F00000000000000000000001 /* SceneViewDemoTests.xctest */,
			);
			name = Products;
			sourceTree = "<group>";
		};
		C40000000000000000000001 /* Views */ = {
			isa = PBXGroup;
			children = (
				C40000000000000000000002 /* Tabs */,
				C40000000000000000000003 /* Demos */,
				C40000000000000000000050 /* Components */,
				C20000000000000000000051 /* CreditsSheet.swift */,
			);
			path = Views;
			sourceTree = "<group>";
		};
		C40000000000000000000050 /* Components */ = {
			isa = PBXGroup;
			children = (
				C20000000000000000000050 /* DemoSheet.swift */,
				C20000000000000000000061 /* UpdateBanner.swift */,
			);
			path = Components;
			sourceTree = "<group>";
		};
		C40000000000000000000002 /* Tabs */ = {
			isa = PBXGroup;
			children = (
				C20000000000000000000003 /* ExploreTab.swift */,
				C20000000000000000000004 /* ARTab.swift */,
				C20000000000000000000005 /* SamplesTab.swift */,
				C20000000000000000000006 /* AboutTab.swift */,
			);
			path = Tabs;
			sourceTree = "<group>";
		};
		C40000000000000000000003 /* Demos */ = {
			isa = PBXGroup;
			children = (
				C20000000000000000000007 /* AllShapesDemo.swift */,
				C20000000000000000000008 /* MaterialsDemo.swift */,
				C20000000000000000000009 /* CustomMeshDemo.swift */,
				C20000000000000000000010 /* TextDemo.swift */,
				C20000000000000000000011 /* BillboardDemo.swift */,
				C20000000000000000000012 /* LinesPathsDemo.swift */,
				C20000000000000000000013 /* ImagePlaneDemo.swift */,
				C20000000000000000000014 /* LightTypesDemo.swift */,
				C20000000000000000000015 /* DynamicSkyDemo.swift */,
				C20000000000000000000016 /* FogDemo.swift */,
				C20000000000000000000017 /* PhysicsDemo.swift */,
				C20000000000000000000062 /* DoublePendulumDemo.swift */,
				C20000000000000000000018 /* CameraControlsDemo.swift */,
				C20000000000000000000020 /* SceneGalleryDemo.swift */,
				C20000000000000000000022 /* RerunDebugDemo.swift */,
				C20000000000000000000025 /* OrbitalARDemo.swift */,
				C20000000000000000000031 /* ARRecorderDemo.swift */,
				C20000000000000000000032 /* ARLightingDemo.swift */,
				C20000000000000000000033 /* AnimationDemo.swift */,
				C20000000000000000000034 /* ModelViewerDemo.swift */,
				C20000000000000000000035 /* MultiModelDemo.swift */,
				C20000000000000000000036 /* ARPlacementDemo.swift */,
				C20000000000000000000037 /* ARInstantPlacementDemo.swift */,
			);
			path = Demos;
			sourceTree = "<group>";
		};
		C40000000000000000000004 /* Utilities */ = {
			isa = PBXGroup;
			children = (
				C20000000000000000000001 /* HapticManager.swift */,
				C20000000000000000000002 /* DemoItem.swift */,
				C20000000000000000000030 /* FavoritesManager.swift */,
			);
			path = Utilities;
			sourceTree = "<group>";
		};
		D40000000000000000000001 /* Models */ = {
			isa = PBXGroup;
			children = (
				D20000000000000000000001 /* game_boy_classic.usdz */,
				D20000000000000000000002 /* tree_scene.usdz */,
				D20000000000000000000003 /* red_car.usdz */,
				D20000000000000000000005 /* animated_butterfly.usdz */,
				D20000000000000000000006 /* retro_piano.usdz */,
				D20000000000000000000007 /* phoenix_bird.usdz */,
				D20000000000000000000008 /* cyberpunk_car.usdz */,
				D20000000000000000000009 /* fantasy_book.usdz */,
				D2000000000000000000000A /* mosquito_amber.usdz */,
				D2000000000000000000000B /* ship_in_clouds.usdz */,
				D2000000000000000000000C /* cyberpunk_hovercar.usdz */,
				D2000000000000000000000D /* cyberpunk_character.usdz */,
				D2000000000000000000000E /* porsche_911.usdz */,
				D2000000000000000000000F /* black_dragon.usdz */,
				D20000000000000000000010 /* fiat_punto.usdz */,
				D20000000000000000000011 /* shelby_cobra.usdz */,
				D20000000000000000000012 /* audi_tt.usdz */,
				D20000000000000000000013 /* earthquake_california.usdz */,
				D20000000000000000000014 /* lamborghini_countach.usdz */,
				D20000000000000000000015 /* nike_air_jordan.usdz */,
				D20000000000000000000016 /* ferrari_f40.usdz */,
				D20000000000000000000017 /* porsche_911_turbo.usdz */,
				D20000000000000000000018 /* ps5_dualsense.usdz */,
				D20000000000000000000019 /* tesla_cybertruck.usdz */,
				D2000000000000000000001A /* mercedes_a45_amg.usdz */,
				D2000000000000000000001B /* nintendo_switch.usdz */,
				D2000000000000000000001C /* bmw_m3_e30.usdz */,
			);
			path = Models;
			sourceTree = "<group>";
		};
		E40000000000000000000001 /* Environments */ = {
			isa = PBXGroup;
			children = (
				E20000000000000000000001 /* studio.hdr */,
				E20000000000000000000002 /* outdoor_cloudy.hdr */,
				E20000000000000000000003 /* sunset.hdr */,
				E20000000000000000000004 /* rooftop_night.hdr */,
				E20000000000000000000005 /* studio_warm.hdr */,
				E20000000000000000000006 /* autumn_field.hdr */,
				E20000000000000000000007 /* night_sky.hdr */,
			);
			path = Environments;
			sourceTree = "<group>";
		};
/* End PBXGroup section */

/* Begin PBXNativeTarget section */
		A50000010000000000000001 /* SceneViewDemo */ = {
			isa = PBXNativeTarget;
			buildConfigurationList = A70000010000000000000003 /* Build configuration list for PBXNativeTarget "SceneViewDemo" */;
			buildPhases = (
				A60000010000000000000001 /* Sources */,
				A30000010000000000000001 /* Frameworks */,
				A60000010000000000000002 /* Resources */,
			);
			buildRules = (
			);
			dependencies = (
			);
			name = SceneViewDemo;
			packageProductDependencies = (
				A80000010000000000000001 /* SceneViewSwift */,
			);
			productName = SceneViewDemo;
			productReference = A20000010000000000000010 /* SceneViewDemo.app */;
			productType = "com.apple.product-type.application";
		};
		F00000000000000000000020 /* SceneViewDemoTests */ = {
			isa = PBXNativeTarget;
			buildConfigurationList = F00000000000000000000042 /* Build configuration list for PBXNativeTarget "SceneViewDemoTests" */;
			buildPhases = (
				F00000000000000000000021 /* Sources */,
				F00000000000000000000022 /* Frameworks */,
				F00000000000000000000023 /* Resources */,
			);
			buildRules = (
			);
			dependencies = (
				F00000000000000000000030 /* PBXTargetDependency */,
			);
			name = SceneViewDemoTests;
			productName = SceneViewDemoTests;
			productReference = F00000000000000000000001 /* SceneViewDemoTests.xctest */;
			productType = "com.apple.product-type.bundle.unit-test";
		};
/* End PBXNativeTarget section */

/* Begin PBXProject section */
		A90000010000000000000001 /* Project object */ = {
			isa = PBXProject;
			attributes = {
				BuildIndependentTargetsInParallel = 1;
				LastSwiftUpdateCheck = 1600;
				LastUpgradeCheck = 1600;
				TargetAttributes = {
					A50000010000000000000001 = {
						CreatedOnToolsVersion = 16.0;
					};
					F00000000000000000000020 = {
						CreatedOnToolsVersion = 16.0;
						TestTargetID = A50000010000000000000001;
					};
				};
			};
			buildConfigurationList = A70000010000000000000001 /* Build configuration list for PBXProject "SceneViewDemo" */;
			compatibilityVersion = "Xcode 14.0";
			developmentRegion = en;
			hasScannedForEncodings = 0;
			knownRegions = (
				en,
				Base,
			);
			mainGroup = A40000010000000000000001;
			packageReferences = (
				A80000010000000000000002 /* XCLocalSwiftPackageReference "../../SceneViewSwift" */,
			);
			productRefGroup = A40000010000000000000003 /* Products */;
			projectDirPath = "";
			projectRoot = "";
			targets = (
				A50000010000000000000001 /* SceneViewDemo */,
				F00000000000000000000020 /* SceneViewDemoTests */,
			);
		};
/* End PBXProject section */

/* Begin PBXResourcesBuildPhase section */
		A60000010000000000000002 /* Resources */ = {
			isa = PBXResourcesBuildPhase;
			buildActionMask = 2147483647;
			files = (
				A10000010000000000000002 /* Assets.xcassets in Resources */,
				D10000000000000000000001 /* game_boy_classic.usdz in Resources */,
				D10000000000000000000002 /* tree_scene.usdz in Resources */,
				D10000000000000000000003 /* red_car.usdz in Resources */,
				D10000000000000000000005 /* animated_butterfly.usdz in Resources */,
				D10000000000000000000006 /* retro_piano.usdz in Resources */,
				D10000000000000000000007 /* phoenix_bird.usdz in Resources */,
				D10000000000000000000008 /* cyberpunk_car.usdz in Resources */,
				D10000000000000000000009 /* fantasy_book.usdz in Resources */,
				D1000000000000000000000A /* mosquito_amber.usdz in Resources */,
				D1000000000000000000000B /* ship_in_clouds.usdz in Resources */,
				D1000000000000000000000C /* cyberpunk_hovercar.usdz in Resources */,
				D1000000000000000000000D /* cyberpunk_character.usdz in Resources */,
				D1000000000000000000000E /* porsche_911.usdz in Resources */,
				D1000000000000000000000F /* black_dragon.usdz in Resources */,
				D10000000000000000000010 /* fiat_punto.usdz in Resources */,
				D10000000000000000000011 /* shelby_cobra.usdz in Resources */,
				D10000000000000000000012 /* audi_tt.usdz in Resources */,
				D10000000000000000000013 /* earthquake_california.usdz in Resources */,
				D10000000000000000000014 /* lamborghini_countach.usdz in Resources */,
				D10000000000000000000015 /* nike_air_jordan.usdz in Resources */,
				D10000000000000000000016 /* ferrari_f40.usdz in Resources */,
				D10000000000000000000017 /* porsche_911_turbo.usdz in Resources */,
				D10000000000000000000018 /* ps5_dualsense.usdz in Resources */,
				D10000000000000000000019 /* tesla_cybertruck.usdz in Resources */,
				D1000000000000000000001A /* mercedes_a45_amg.usdz in Resources */,
				D1000000000000000000001B /* nintendo_switch.usdz in Resources */,
				D1000000000000000000001C /* bmw_m3_e30.usdz in Resources */,
				E10000000000000000000001 /* studio.hdr in Resources */,
				E10000000000000000000002 /* outdoor_cloudy.hdr in Resources */,
				E10000000000000000000003 /* sunset.hdr in Resources */,
				E10000000000000000000004 /* rooftop_night.hdr in Resources */,
				E10000000000000000000005 /* studio_warm.hdr in Resources */,
				E10000000000000000000006 /* autumn_field.hdr in Resources */,
				E10000000000000000000007 /* night_sky.hdr in Resources */,
			);
			runOnlyForDeploymentPostprocessing = 0;
		};
		F00000000000000000000023 /* Resources */ = {
			isa = PBXResourcesBuildPhase;
			buildActionMask = 2147483647;
			files = (
			);
			runOnlyForDeploymentPostprocessing = 0;
		};
/* End PBXResourcesBuildPhase section */

/* Begin PBXSourcesBuildPhase section */
		A60000010000000000000001 /* Sources */ = {
			isa = PBXSourcesBuildPhase;
			buildActionMask = 2147483647;
			files = (
				A10000010000000000000001 /* SceneViewDemoApp.swift in Sources */,
				C10000000000000000000001 /* HapticManager.swift in Sources */,
				C10000000000000000000002 /* DemoItem.swift in Sources */,
				C10000000000000000000030 /* FavoritesManager.swift in Sources */,
				C10000000000000000000003 /* ExploreTab.swift in Sources */,
				C10000000000000000000004 /* ARTab.swift in Sources */,
				C10000000000000000000005 /* SamplesTab.swift in Sources */,
				C10000000000000000000006 /* AboutTab.swift in Sources */,
				C10000000000000000000007 /* AllShapesDemo.swift in Sources */,
				C10000000000000000000008 /* MaterialsDemo.swift in Sources */,
				C10000000000000000000009 /* CustomMeshDemo.swift in Sources */,
				C10000000000000000000010 /* TextDemo.swift in Sources */,
				C10000000000000000000011 /* BillboardDemo.swift in Sources */,
				C10000000000000000000012 /* LinesPathsDemo.swift in Sources */,
				C10000000000000000000013 /* ImagePlaneDemo.swift in Sources */,
				C10000000000000000000014 /* LightTypesDemo.swift in Sources */,
				C10000000000000000000015 /* DynamicSkyDemo.swift in Sources */,
				C10000000000000000000016 /* FogDemo.swift in Sources */,
				C10000000000000000000017 /* PhysicsDemo.swift in Sources */,
				C10000000000000000000062 /* DoublePendulumDemo.swift in Sources */,
				C10000000000000000000018 /* CameraControlsDemo.swift in Sources */,
				C10000000000000000000020 /* SceneGalleryDemo.swift in Sources */,
				C10000000000000000000021 /* Theme.swift in Sources */,
				C10000000000000000000022 /* RerunDebugDemo.swift in Sources */,
				C10000000000000000000023 /* DeepLinkRouter.swift in Sources */,
				C10000000000000000000024 /* DemoDeepLinkRegistry.swift in Sources */,
				0C0448E495F77BF795D1C647 /* ComingSoonScreen.swift in Sources */,
				95BE47B4B9B828745697FB4B /* SketchfabConfig.swift in Sources */,
				593E4FADBA93AF1190A3A67E /* SketchfabModels.swift in Sources */,
				B4A94ABD8B5DA5F4E4CE4834 /* SketchfabService.swift in Sources */,
				E11525001A2B40A19EAECE6700000001 /* SketchfabSlug.swift in Sources */,
				E11525011A2B40A19EAECE6700000002 /* SampleAssets.swift in Sources */,
				E11525021A2B40A19EAECE6700000003 /* SketchfabAssetResolver.swift in Sources */,
				C10000000000000000000025 /* OrbitalARDemo.swift in Sources */,
				C10000000000000000000031 /* ARRecorderDemo.swift in Sources */,
				C10000000000000000000032 /* ARLightingDemo.swift in Sources */,
				C10000000000000000000033 /* AnimationDemo.swift in Sources */,
				C10000000000000000000034 /* ModelViewerDemo.swift in Sources */,
				C10000000000000000000035 /* MultiModelDemo.swift in Sources */,
				C10000000000000000000036 /* ARPlacementDemo.swift in Sources */,
				C10000000000000000000037 /* ARInstantPlacementDemo.swift in Sources */,
				ED794E60A009AF57DE2B2861 /* MovableLightDemo.swift in Sources */,
				C10000000000000000000050 /* DemoSheet.swift in Sources */,
				C10000000000000000000051 /* CreditsSheet.swift in Sources */,
				C10000000000000000000060 /* AppStoreUpdater.swift in Sources */,
				C10000000000000000000061 /* UpdateBanner.swift in Sources */,
			);
			runOnlyForDeploymentPostprocessing = 0;
		};
		F00000000000000000000021 /* Sources */ = {
			isa = PBXSourcesBuildPhase;
			buildActionMask = 2147483647;
			files = (
				F00000000000000000000003 /* AppStoreUpdaterTests.swift in Sources */,
			);
			runOnlyForDeploymentPostprocessing = 0;
		};
/* End PBXSourcesBuildPhase section */

/* Begin PBXTargetDependency section */
		F00000000000000000000030 /* PBXTargetDependency */ = {
			isa = PBXTargetDependency;
			target = A50000010000000000000001 /* SceneViewDemo */;
			targetProxy = F00000000000000000000031 /* PBXContainerItemProxy */;
		};
/* End PBXTargetDependency section */

/* Begin XCBuildConfiguration section */
		B10000010000000000000001 /* Debug */ = {
			isa = XCBuildConfiguration;
			buildSettings = {
				ALWAYS_SEARCH_USER_PATHS = NO;
				ASSETCATALOG_COMPILER_GENERATE_SWIFT_ASSET_SYMBOL_EXTENSIONS = YES;
				CLANG_ANALYZER_NONNULL = YES;
				CLANG_CXX_LANGUAGE_STANDARD = "gnu++20";
				CLANG_ENABLE_MODULES = YES;
				CLANG_ENABLE_OBJC_ARC = YES;
				CLANG_WARN_BLOCK_CAPTURE_AUTORELEASING = YES;
				CLANG_WARN_BOOL_CONVERSION = YES;
				CLANG_WARN_COMMA = YES;
				CLANG_WARN_CONSTANT_CONVERSION = YES;
				CLANG_WARN_DEPRECATED_OBJC_IMPLEMENTATIONS = YES;
				CLANG_WARN_DIRECT_OBJC_ISA_USAGE = YES_ERROR;
				CLANG_WARN_EMPTY_BODY = YES;
				CLANG_WARN_ENUM_CONVERSION = YES;
				CLANG_WARN_INFINITE_RECURSION = YES;
				CLANG_WARN_INT_CONVERSION = YES;
				CLANG_WARN_OBJC_IMPLICIT_RETAIN_SELF = YES;
				CLANG_WARN_OBJC_LITERAL_CONVERSION = YES;
				CLANG_WARN_OBJC_ROOT_CLASS = YES_ERROR;
				CLANG_WARN_QUOTED_INCLUDE_IN_FRAMEWORK_HEADER = YES;
				CLANG_WARN_RANGE_LOOP_ANALYSIS = YES;
				CLANG_WARN_STRICT_PROTOTYPES = YES;
				CLANG_WARN_SUSPICIOUS_MOVE = YES;
				CLANG_WARN_UNREACHABLE_CODE = YES;
				CLANG_WARN__DUPLICATE_METHOD_MATCH = YES;
				COPY_PHASE_STRIP = NO;
				DEBUG_INFORMATION_FORMAT = dwarf;
				ENABLE_STRICT_OBJC_MSGSEND = YES;
				ENABLE_TESTABILITY = YES;
				ENABLE_USER_SCRIPT_SANDBOXING = YES;
				GCC_C_LANGUAGE_STANDARD = gnu17;
				GCC_DYNAMIC_NO_PIC = NO;
				GCC_NO_COMMON_BLOCKS = YES;
				GCC_OPTIMIZATION_LEVEL = 0;
				GCC_PREPROCESSOR_DEFINITIONS = (
					"DEBUG=1",
					"$(inherited)",
				);
				GCC_WARN_64_TO_32_BIT_CONVERSION = YES;
				GCC_WARN_ABOUT_RETURN_TYPE = YES_ERROR;
				GCC_WARN_UNDECLARED_SELECTOR = YES;
				GCC_WARN_UNINITIALIZED_AUTOS = YES_AGGRESSIVE;
				GCC_WARN_UNUSED_FUNCTION = YES;
				GCC_WARN_UNUSED_VARIABLE = YES;
				IPHONEOS_DEPLOYMENT_TARGET = 18.0;
				MACOSX_DEPLOYMENT_TARGET = 15.0;
				MTL_ENABLE_DEBUG_INFO = INCLUDE_SOURCE;
				MTL_FAST_MATH = YES;
				ONLY_ACTIVE_ARCH = YES;
				SDKROOT = auto;
				SWIFT_ACTIVE_COMPILATION_CONDITIONS = "$(inherited) DEBUG";
				SWIFT_OPTIMIZATION_LEVEL = "-Onone";
			};
			name = Debug;
		};
		B10000010000000000000002 /* Release */ = {
			isa = XCBuildConfiguration;
			buildSettings = {
				ALWAYS_SEARCH_USER_PATHS = NO;
				ASSETCATALOG_COMPILER_GENERATE_SWIFT_ASSET_SYMBOL_EXTENSIONS = YES;
				CLANG_ANALYZER_NONNULL = YES;
				CLANG_CXX_LANGUAGE_STANDARD = "gnu++20";
				CLANG_ENABLE_MODULES = YES;
				CLANG_ENABLE_OBJC_ARC = YES;
				CLANG_WARN_BLOCK_CAPTURE_AUTORELEASING = YES;
				CLANG_WARN_BOOL_CONVERSION = YES;
				CLANG_WARN_COMMA = YES;
				CLANG_WARN_CONSTANT_CONVERSION = YES;
				CLANG_WARN_DEPRECATED_OBJC_IMPLEMENTATIONS = YES;
				CLANG_WARN_DIRECT_OBJC_ISA_USAGE = YES_ERROR;
				CLANG_WARN_EMPTY_BODY = YES;
				CLANG_WARN_ENUM_CONVERSION = YES;
				CLANG_WARN_INFINITE_RECURSION = YES;
				CLANG_WARN_INT_CONVERSION = YES;
				CLANG_WARN_OBJC_IMPLICIT_RETAIN_SELF = YES;
				CLANG_WARN_OBJC_LITERAL_CONVERSION = YES;
				CLANG_WARN_OBJC_ROOT_CLASS = YES_ERROR;
				CLANG_WARN_QUOTED_INCLUDE_IN_FRAMEWORK_HEADER = YES;
				CLANG_WARN_RANGE_LOOP_ANALYSIS = YES;
				CLANG_WARN_STRICT_PROTOTYPES = YES;
				CLANG_WARN_SUSPICIOUS_MOVE = YES;
				CLANG_WARN_UNREACHABLE_CODE = YES;
				CLANG_WARN__DUPLICATE_METHOD_MATCH = YES;
				COPY_PHASE_STRIP = NO;
				DEBUG_INFORMATION_FORMAT = "dwarf-with-dsym";
				ENABLE_NS_ASSERTIONS = NO;
				ENABLE_STRICT_OBJC_MSGSEND = YES;
				ENABLE_USER_SCRIPT_SANDBOXING = YES;
				GCC_C_LANGUAGE_STANDARD = gnu17;
				GCC_NO_COMMON_BLOCKS = YES;
				GCC_WARN_64_TO_32_BIT_CONVERSION = YES;
				GCC_WARN_ABOUT_RETURN_TYPE = YES_ERROR;
				GCC_WARN_UNDECLARED_SELECTOR = YES;
				GCC_WARN_UNINITIALIZED_AUTOS = YES_AGGRESSIVE;
				GCC_WARN_UNUSED_FUNCTION = YES;
				GCC_WARN_UNUSED_VARIABLE = YES;
				IPHONEOS_DEPLOYMENT_TARGET = 18.0;
				MACOSX_DEPLOYMENT_TARGET = 15.0;
				MTL_FAST_MATH = YES;
				SDKROOT = auto;
				SWIFT_COMPILATION_MODE = wholemodule;
				VALIDATE_PRODUCT = YES;
			};
			name = Release;
		};
		B10000010000000000000003 /* Debug */ = {
			isa = XCBuildConfiguration;
			buildSettings = {
				ASSETCATALOG_COMPILER_APPICON_NAME = AppIcon;
				ASSETCATALOG_COMPILER_GLOBAL_ACCENT_COLOR_NAME = AccentColor;
				CODE_SIGN_ENTITLEMENTS = SceneViewDemo/SceneViewDemo.entitlements;
				CODE_SIGN_IDENTITY = "Apple Development";
				CODE_SIGN_STYLE = Automatic;
				CURRENT_PROJECT_VERSION = 365;
				DEVELOPMENT_TEAM = 5G3DZ3TH45;
				ENABLE_TESTABILITY = YES;
				GENERATE_INFOPLIST_FILE = NO;
				INFOPLIST_FILE = SceneViewDemo/Info.plist;
				INFOPLIST_KEY_CFBundleDisplayName = "SceneView";
				INFOPLIST_KEY_LSApplicationCategoryType = "public.app-category.entertainment";
				IPHONEOS_DEPLOYMENT_TARGET = 18.0;
				LD_RUNPATH_SEARCH_PATHS = (
					"$(inherited)",
					"@executable_path/Frameworks",
				);
				MACOSX_DEPLOYMENT_TARGET = 15.0;
				MARKETING_VERSION = 4.9.0;
				PRODUCT_BUNDLE_IDENTIFIER = io.github.sceneview.demo;
				PRODUCT_NAME = "$(TARGET_NAME)";
				SUPPORTED_PLATFORMS = "iphoneos iphonesimulator macosx";
				SUPPORTS_MACCATALYST = NO;
				SWIFT_EMIT_LOC_STRINGS = YES;
				SWIFT_VERSION = 6.0;
				TARGETED_DEVICE_FAMILY = "1,2";
			};
			name = Debug;
		};
		B10000010000000000000004 /* Release */ = {
			isa = XCBuildConfiguration;
			buildSettings = {
				ASSETCATALOG_COMPILER_APPICON_NAME = AppIcon;
				ASSETCATALOG_COMPILER_GLOBAL_ACCENT_COLOR_NAME = AccentColor;
				CODE_SIGN_ENTITLEMENTS = SceneViewDemo/SceneViewDemo.entitlements;
				CODE_SIGN_IDENTITY = "Apple Development";
				"CODE_SIGN_IDENTITY[sdk=iphoneos*]" = "Apple Distribution";
				CODE_SIGN_STYLE = Automatic;
				"CODE_SIGN_STYLE[sdk=iphoneos*]" = Manual;
				CURRENT_PROJECT_VERSION = 365;
				DEVELOPMENT_TEAM = 5G3DZ3TH45;
				GENERATE_INFOPLIST_FILE = NO;
				INFOPLIST_FILE = SceneViewDemo/Info.plist;
				INFOPLIST_KEY_CFBundleDisplayName = "SceneView";
				INFOPLIST_KEY_LSApplicationCategoryType = "public.app-category.entertainment";
				IPHONEOS_DEPLOYMENT_TARGET = 18.0;
				LD_RUNPATH_SEARCH_PATHS = (
					"$(inherited)",
					"@executable_path/Frameworks",
				);
				MACOSX_DEPLOYMENT_TARGET = 15.0;
				MARKETING_VERSION = 4.9.0;
				PRODUCT_BUNDLE_IDENTIFIER = io.github.sceneview.demo;
				PRODUCT_NAME = "$(TARGET_NAME)";
				"PROVISIONING_PROFILE_SPECIFIER[sdk=iphoneos*]" = "SceneView Demo App Store";
				SUPPORTED_PLATFORMS = "iphoneos iphonesimulator macosx";
				SUPPORTS_MACCATALYST = NO;
				SWIFT_EMIT_LOC_STRINGS = YES;
				SWIFT_VERSION = 6.0;
				TARGETED_DEVICE_FAMILY = "1,2";
			};
			name = Release;
		};
		F00000000000000000000040 /* Debug */ = {
			isa = XCBuildConfiguration;
			buildSettings = {
				ALWAYS_EMBED_SWIFT_STANDARD_LIBRARIES = YES;
				BUNDLE_LOADER = "$(TEST_HOST)";
				CODE_SIGN_STYLE = Automatic;
				CURRENT_PROJECT_VERSION = 1;
				DEVELOPMENT_TEAM = 5G3DZ3TH45;
				GENERATE_INFOPLIST_FILE = YES;
				IPHONEOS_DEPLOYMENT_TARGET = 18.0;
				MACOSX_DEPLOYMENT_TARGET = 15.0;
				MARKETING_VERSION = 1.0;
				PRODUCT_BUNDLE_IDENTIFIER = io.github.sceneview.demo.tests;
				PRODUCT_NAME = "$(TARGET_NAME)";
				SUPPORTED_PLATFORMS = "iphoneos iphonesimulator macosx";
				SUPPORTS_MACCATALYST = NO;
				SWIFT_EMIT_LOC_STRINGS = NO;
				SWIFT_VERSION = 6.0;
				TARGETED_DEVICE_FAMILY = "1,2";
				TEST_HOST = "$(BUILT_PRODUCTS_DIR)/SceneViewDemo.app/$(BUNDLE_EXECUTABLE_FOLDER_PATH)/SceneViewDemo";
			};
			name = Debug;
		};
		F00000000000000000000041 /* Release */ = {
			isa = XCBuildConfiguration;
			buildSettings = {
				ALWAYS_EMBED_SWIFT_STANDARD_LIBRARIES = YES;
				BUNDLE_LOADER = "$(TEST_HOST)";
				CODE_SIGN_STYLE = Automatic;
				CURRENT_PROJECT_VERSION = 1;
				DEVELOPMENT_TEAM = 5G3DZ3TH45;
				GENERATE_INFOPLIST_FILE = YES;
				IPHONEOS_DEPLOYMENT_TARGET = 18.0;
				MACOSX_DEPLOYMENT_TARGET = 15.0;
				MARKETING_VERSION = 1.0;
				PRODUCT_BUNDLE_IDENTIFIER = io.github.sceneview.demo.tests;
				PRODUCT_NAME = "$(TARGET_NAME)";
				SUPPORTED_PLATFORMS = "iphoneos iphonesimulator macosx";
				SUPPORTS_MACCATALYST = NO;
				SWIFT_EMIT_LOC_STRINGS = NO;
				SWIFT_VERSION = 6.0;
				TARGETED_DEVICE_FAMILY = "1,2";
				TEST_HOST = "$(BUILT_PRODUCTS_DIR)/SceneViewDemo.app/$(BUNDLE_EXECUTABLE_FOLDER_PATH)/SceneViewDemo";
			};
			name = Release;
		};
/* End XCBuildConfiguration section */

/* Begin XCConfigurationList section */
		A70000010000000000000001 /* Build configuration list for PBXProject "SceneViewDemo" */ = {
			isa = XCConfigurationList;
			buildConfigurations = (
				B10000010000000000000001 /* Debug */,
				B10000010000000000000002 /* Release */,
			);
			defaultConfigurationIsVisible = 0;
			defaultConfigurationName = Release;
		};
		A70000010000000000000003 /* Build configuration list for PBXNativeTarget "SceneViewDemo" */ = {
			isa = XCConfigurationList;
			buildConfigurations = (
				B10000010000000000000003 /* Debug */,
				B10000010000000000000004 /* Release */,
			);
			defaultConfigurationIsVisible = 0;
			defaultConfigurationName = Release;
		};
		F00000000000000000000042 /* Build configuration list for PBXNativeTarget "SceneViewDemoTests" */ = {
			isa = XCConfigurationList;
			buildConfigurations = (
				F00000000000000000000040 /* Debug */,
				F00000000000000000000041 /* Release */,
			);
			defaultConfigurationIsVisible = 0;
			defaultConfigurationName = Release;
		};
/* End XCConfigurationList section */

/* Begin XCLocalSwiftPackageReference section */
		A80000010000000000000002 /* XCLocalSwiftPackageReference "../../SceneViewSwift" */ = {
			isa = XCLocalSwiftPackageReference;
			relativePath = ../../SceneViewSwift;
		};
/* End XCLocalSwiftPackageReference section */

/* Begin XCSwiftPackageProductDependency section */
		A80000010000000000000001 /* SceneViewSwift */ = {
			isa = XCSwiftPackageProductDependency;
			productName = SceneViewSwift;
		};
/* End XCSwiftPackageProductDependency section */
	};
	rootObject = A90000010000000000000001 /* Project object */;
}
